// !$*UTF8*$!
{
	archiveVersion = 1;
	classes = {
	};
	objectVersion = 56;
	objects = {

/* Begin PBXBuildFile section */
		20A588CA2BDBE2FD00596EE7 /* RegistrationPresenter.swift in Sources */ = {isa = PBXBuildFile; fileRef = 20A588C42BDBE2FD00596EE7 /* RegistrationPresenter.swift */; };
		20A588CB2BDBE2FD00596EE7 /* RegistrationRouter.swift in Sources */ = {isa = PBXBuildFile; fileRef = 20A588C52BDBE2FD00596EE7 /* RegistrationRouter.swift */; };
		20A588CC2BDBE2FD00596EE7 /* RegistrationViewController.swift in Sources */ = {isa = PBXBuildFile; fileRef = 20A588C62BDBE2FD00596EE7 /* RegistrationViewController.swift */; };
		20A588CD2BDBE2FD00596EE7 /* RegistrationProtocols.swift in Sources */ = {isa = PBXBuildFile; fileRef = 20A588C72BDBE2FD00596EE7 /* RegistrationProtocols.swift */; };
		20A588CE2BDBE2FD00596EE7 /* RegistrationInteractor.swift in Sources */ = {isa = PBXBuildFile; fileRef = 20A588C82BDBE2FD00596EE7 /* RegistrationInteractor.swift */; };
		20A588CF2BDBE2FD00596EE7 /* RegistrationContainer.swift in Sources */ = {isa = PBXBuildFile; fileRef = 20A588C92BDBE2FD00596EE7 /* RegistrationContainer.swift */; };
		20A588D12BDC11A000596EE7 /* AuthUIComponentsConfigurationProtocol.swift in Sources */ = {isa = PBXBuildFile; fileRef = 20A588D02BDC119F00596EE7 /* AuthUIComponentsConfigurationProtocol.swift */; };
		7465F9722BDB9CDD00CF0AE5 /* AuthService.swift in Sources */ = {isa = PBXBuildFile; fileRef = 7465F9712BDB9CDD00CF0AE5 /* AuthService.swift */; };
		7465F9912BDBA35F00CF0AE5 /* ReplyPresenter.swift in Sources */ = {isa = PBXBuildFile; fileRef = 7465F98B2BDBA35F00CF0AE5 /* ReplyPresenter.swift */; };
		7465F9922BDBA35F00CF0AE5 /* ReplyRouter.swift in Sources */ = {isa = PBXBuildFile; fileRef = 7465F98C2BDBA35F00CF0AE5 /* ReplyRouter.swift */; };
		7465F9932BDBA35F00CF0AE5 /* ReplyViewController.swift in Sources */ = {isa = PBXBuildFile; fileRef = 7465F98D2BDBA35F00CF0AE5 /* ReplyViewController.swift */; };
		7465F9942BDBA35F00CF0AE5 /* ReplyProtocols.swift in Sources */ = {isa = PBXBuildFile; fileRef = 7465F98E2BDBA35F00CF0AE5 /* ReplyProtocols.swift */; };
		7465F9952BDBA35F00CF0AE5 /* ReplyInteractor.swift in Sources */ = {isa = PBXBuildFile; fileRef = 7465F98F2BDBA35F00CF0AE5 /* ReplyInteractor.swift */; };
		7465F9962BDBA35F00CF0AE5 /* ReplyContainer.swift in Sources */ = {isa = PBXBuildFile; fileRef = 7465F9902BDBA35F00CF0AE5 /* ReplyContainer.swift */; };
		7465F99D2BDBA36E00CF0AE5 /* FeedPresenter.swift in Sources */ = {isa = PBXBuildFile; fileRef = 7465F9972BDBA36E00CF0AE5 /* FeedPresenter.swift */; };
		7465F99E2BDBA36E00CF0AE5 /* FeedRouter.swift in Sources */ = {isa = PBXBuildFile; fileRef = 7465F9982BDBA36E00CF0AE5 /* FeedRouter.swift */; };
		7465F99F2BDBA36E00CF0AE5 /* FeedViewController.swift in Sources */ = {isa = PBXBuildFile; fileRef = 7465F9992BDBA36E00CF0AE5 /* FeedViewController.swift */; };
		7465F9A02BDBA36E00CF0AE5 /* FeedProtocols.swift in Sources */ = {isa = PBXBuildFile; fileRef = 7465F99A2BDBA36E00CF0AE5 /* FeedProtocols.swift */; };
		7465F9A12BDBA36E00CF0AE5 /* FeedInteractor.swift in Sources */ = {isa = PBXBuildFile; fileRef = 7465F99B2BDBA36E00CF0AE5 /* FeedInteractor.swift */; };
		7465F9A22BDBA36E00CF0AE5 /* FeedContainer.swift in Sources */ = {isa = PBXBuildFile; fileRef = 7465F99C2BDBA36E00CF0AE5 /* FeedContainer.swift */; };
		7465F9B32BDBC21300CF0AE5 /* AuthPresenter.swift in Sources */ = {isa = PBXBuildFile; fileRef = 7465F9AD2BDBC21300CF0AE5 /* AuthPresenter.swift */; };
		7465F9B42BDBC21300CF0AE5 /* AuthRouter.swift in Sources */ = {isa = PBXBuildFile; fileRef = 7465F9AE2BDBC21300CF0AE5 /* AuthRouter.swift */; };
		7465F9B52BDBC21300CF0AE5 /* AuthViewController.swift in Sources */ = {isa = PBXBuildFile; fileRef = 7465F9AF2BDBC21300CF0AE5 /* AuthViewController.swift */; };
		7465F9B62BDBC21300CF0AE5 /* AuthProtocols.swift in Sources */ = {isa = PBXBuildFile; fileRef = 7465F9B02BDBC21300CF0AE5 /* AuthProtocols.swift */; };
		7465F9B72BDBC21300CF0AE5 /* AuthInteractor.swift in Sources */ = {isa = PBXBuildFile; fileRef = 7465F9B12BDBC21300CF0AE5 /* AuthInteractor.swift */; };
		7465F9B82BDBC21300CF0AE5 /* AuthContainer.swift in Sources */ = {isa = PBXBuildFile; fileRef = 7465F9B22BDBC21300CF0AE5 /* AuthContainer.swift */; };
		7482041D2BDBCB01005E7BF2 /* UIColor + HEX.swift in Sources */ = {isa = PBXBuildFile; fileRef = 7482041C2BDBCB01005E7BF2 /* UIColor + HEX.swift */; };
		748204212BDBE6FE005E7BF2 /* GoogleService-Info.plist in Resources */ = {isa = PBXBuildFile; fileRef = 748204202BDBE6FE005E7BF2 /* GoogleService-Info.plist */; };
		748204242BDBE763005E7BF2 /* FirebaseAnalytics in Frameworks */ = {isa = PBXBuildFile; productRef = 748204232BDBE763005E7BF2 /* FirebaseAnalytics */; };
		748204262BDBE763005E7BF2 /* FirebaseAnalyticsOnDeviceConversion in Frameworks */ = {isa = PBXBuildFile; productRef = 748204252BDBE763005E7BF2 /* FirebaseAnalyticsOnDeviceConversion */; };
		748204282BDBE763005E7BF2 /* FirebaseAnalyticsSwift in Frameworks */ = {isa = PBXBuildFile; productRef = 748204272BDBE763005E7BF2 /* FirebaseAnalyticsSwift */; };
		7482042A2BDBE763005E7BF2 /* FirebaseAnalyticsWithoutAdIdSupport in Frameworks */ = {isa = PBXBuildFile; productRef = 748204292BDBE763005E7BF2 /* FirebaseAnalyticsWithoutAdIdSupport */; };
		7482042C2BDBE763005E7BF2 /* FirebaseAppCheck in Frameworks */ = {isa = PBXBuildFile; productRef = 7482042B2BDBE763005E7BF2 /* FirebaseAppCheck */; };
		7482042F2BDBEE8C005E7BF2 /* FirebaseAuth in Frameworks */ = {isa = PBXBuildFile; productRef = 7482042E2BDBEE8C005E7BF2 /* FirebaseAuth */; };
		748204312BDBEE92005E7BF2 /* FirebaseFirestore in Frameworks */ = {isa = PBXBuildFile; productRef = 748204302BDBEE92005E7BF2 /* FirebaseFirestore */; };
		748204332BDBF8ED005E7BF2 /* AuthModel.swift in Sources */ = {isa = PBXBuildFile; fileRef = 748204322BDBF8ED005E7BF2 /* AuthModel.swift */; };
		748204572BDC15D3005E7BF2 /* DetailProjectPresenter.swift in Sources */ = {isa = PBXBuildFile; fileRef = 748204512BDC15D3005E7BF2 /* DetailProjectPresenter.swift */; };
		748204582BDC15D3005E7BF2 /* DetailProjectRouter.swift in Sources */ = {isa = PBXBuildFile; fileRef = 748204522BDC15D3005E7BF2 /* DetailProjectRouter.swift */; };
		748204592BDC15D3005E7BF2 /* DetailProjectViewController.swift in Sources */ = {isa = PBXBuildFile; fileRef = 748204532BDC15D3005E7BF2 /* DetailProjectViewController.swift */; };
		7482045A2BDC15D3005E7BF2 /* DetailProjectProtocols.swift in Sources */ = {isa = PBXBuildFile; fileRef = 748204542BDC15D3005E7BF2 /* DetailProjectProtocols.swift */; };
		7482045B2BDC15D3005E7BF2 /* DetailProjectInteractor.swift in Sources */ = {isa = PBXBuildFile; fileRef = 748204552BDC15D3005E7BF2 /* DetailProjectInteractor.swift */; };
		7482045C2BDC15D3005E7BF2 /* DetailProjectContainer.swift in Sources */ = {isa = PBXBuildFile; fileRef = 748204562BDC15D3005E7BF2 /* DetailProjectContainer.swift */; };
		748204602BDC19CD005E7BF2 /* BaseRouter.swift in Sources */ = {isa = PBXBuildFile; fileRef = 7482045F2BDC19CD005E7BF2 /* BaseRouter.swift */; };
		748204632BDC19DF005E7BF2 /* BaseRouterProtocol.swift in Sources */ = {isa = PBXBuildFile; fileRef = 748204622BDC19DF005E7BF2 /* BaseRouterProtocol.swift */; };
		748204652BDC1E7C005E7BF2 /* DetailViewModel.swift in Sources */ = {isa = PBXBuildFile; fileRef = 748204642BDC1E7C005E7BF2 /* DetailViewModel.swift */; };
		748204672BDC614B005E7BF2 /* DetailProjectCell.swift in Sources */ = {isa = PBXBuildFile; fileRef = 748204662BDC614B005E7BF2 /* DetailProjectCell.swift */; };
		7482046A2BDD17E5005E7BF2 /* CircularProgressBar.swift in Sources */ = {isa = PBXBuildFile; fileRef = 748204692BDD17E5005E7BF2 /* CircularProgressBar.swift */; };
		9D1A0AA92BDC21BE00C563B6 /* EmptyStateView.swift in Sources */ = {isa = PBXBuildFile; fileRef = 9D1A0AA82BDC21BE00C563B6 /* EmptyStateView.swift */; };
		9D1A0AAC2BDC221E00C563B6 /* EmptyStateViewModel.swift in Sources */ = {isa = PBXBuildFile; fileRef = 9D1A0AAB2BDC221E00C563B6 /* EmptyStateViewModel.swift */; };
		9D1A0AAF2BDC257C00C563B6 /* TaskService.swift in Sources */ = {isa = PBXBuildFile; fileRef = 9D1A0AAE2BDC257C00C563B6 /* TaskService.swift */; };
		9D1A0AB22BDC37EB00C563B6 /* UIColor+Ext.swift in Sources */ = {isa = PBXBuildFile; fileRef = 9D1A0AB12BDC37EB00C563B6 /* UIColor+Ext.swift */; };
		9D1A0AB42BDC523000C563B6 /* Date+Ext.swift in Sources */ = {isa = PBXBuildFile; fileRef = 9D1A0AB32BDC523000C563B6 /* Date+Ext.swift */; };
		9D65C1392BDBA9F400BFDFF8 /* CalendarPresenter.swift in Sources */ = {isa = PBXBuildFile; fileRef = 9D65C1332BDBA9F400BFDFF8 /* CalendarPresenter.swift */; };
		9D65C13A2BDBA9F400BFDFF8 /* CalendarRouter.swift in Sources */ = {isa = PBXBuildFile; fileRef = 9D65C1342BDBA9F400BFDFF8 /* CalendarRouter.swift */; };
		9D65C13B2BDBA9F400BFDFF8 /* CalendarViewController.swift in Sources */ = {isa = PBXBuildFile; fileRef = 9D65C1352BDBA9F400BFDFF8 /* CalendarViewController.swift */; };
		9D65C13C2BDBA9F400BFDFF8 /* CalendarProtocols.swift in Sources */ = {isa = PBXBuildFile; fileRef = 9D65C1362BDBA9F400BFDFF8 /* CalendarProtocols.swift */; };
		9D65C13D2BDBA9F400BFDFF8 /* CalendarInteractor.swift in Sources */ = {isa = PBXBuildFile; fileRef = 9D65C1372BDBA9F400BFDFF8 /* CalendarInteractor.swift */; };
		9D65C13E2BDBA9F400BFDFF8 /* CalendarContainer.swift in Sources */ = {isa = PBXBuildFile; fileRef = 9D65C1382BDBA9F400BFDFF8 /* CalendarContainer.swift */; };
		9D65C1412BDBABA000BFDFF8 /* SnapKit in Frameworks */ = {isa = PBXBuildFile; productRef = 9D65C1402BDBABA000BFDFF8 /* SnapKit */; };
		9D65C1432BDBABA000BFDFF8 /* SnapKit-Dynamic in Frameworks */ = {isa = PBXBuildFile; productRef = 9D65C1422BDBABA000BFDFF8 /* SnapKit-Dynamic */; };
		9D65C1462BDBB02100BFDFF8 /* CalendarViewModel.swift in Sources */ = {isa = PBXBuildFile; fileRef = 9D65C1452BDBB02100BFDFF8 /* CalendarViewModel.swift */; };
		9D65C14B2BDBB25D00BFDFF8 /* WeeklyCalendarViewController.swift in Sources */ = {isa = PBXBuildFile; fileRef = 9D65C14A2BDBB25D00BFDFF8 /* WeeklyCalendarViewController.swift */; };
		9D65C14E2BDBB3A300BFDFF8 /* UIHelper.swift in Sources */ = {isa = PBXBuildFile; fileRef = 9D65C14D2BDBB3A300BFDFF8 /* UIHelper.swift */; };
		9D65C1532BDBB42E00BFDFF8 /* WeekCollectionViewCell.swift in Sources */ = {isa = PBXBuildFile; fileRef = 9D65C1522BDBB42E00BFDFF8 /* WeekCollectionViewCell.swift */; };
		9D65C1562BDBB44500BFDFF8 /* DayCollectionViewCell.swift in Sources */ = {isa = PBXBuildFile; fileRef = 9D65C1552BDBB44500BFDFF8 /* DayCollectionViewCell.swift */; };
		9D65C1592BDBB4E100BFDFF8 /* DayCollectionViewCellViewModel.swift in Sources */ = {isa = PBXBuildFile; fileRef = 9D65C1582BDBB4E100BFDFF8 /* DayCollectionViewCellViewModel.swift */; };
		9D65C15C2BDBB56200BFDFF8 /* CalendarService.swift in Sources */ = {isa = PBXBuildFile; fileRef = 9D65C15B2BDBB56200BFDFF8 /* CalendarService.swift */; };
		9D65C15F2BDBD32A00BFDFF8 /* TaskTableViewCell.swift in Sources */ = {isa = PBXBuildFile; fileRef = 9D65C15E2BDBD32A00BFDFF8 /* TaskTableViewCell.swift */; };
		9D65C1622BDBD7CC00BFDFF8 /* TaskTableViewCellViewModel.swift in Sources */ = {isa = PBXBuildFile; fileRef = 9D65C1612BDBD7CC00BFDFF8 /* TaskTableViewCellViewModel.swift */; };
		9D97C3372BDCE8FF0042A31C /* DTO.swift in Sources */ = {isa = PBXBuildFile; fileRef = 9D97C3362BDCE8FF0042A31C /* DTO.swift */; };
		9D97C33E2BDD12370042A31C /* Domain.swift in Sources */ = {isa = PBXBuildFile; fileRef = 9D97C33D2BDD12370042A31C /* Domain.swift */; };
		9D97C3422BDD22C70042A31C /* TaskServiceError.swift in Sources */ = {isa = PBXBuildFile; fileRef = 9D97C3412BDD22C70042A31C /* TaskServiceError.swift */; };
		9DB778D32BDABDE7001C3B34 /* AppDelegate.swift in Sources */ = {isa = PBXBuildFile; fileRef = 9DB778D22BDABDE7001C3B34 /* AppDelegate.swift */; };
		9DB778D52BDABDE7001C3B34 /* SceneDelegate.swift in Sources */ = {isa = PBXBuildFile; fileRef = 9DB778D42BDABDE7001C3B34 /* SceneDelegate.swift */; };
		9DB778D72BDABDE7001C3B34 /* ViewController.swift in Sources */ = {isa = PBXBuildFile; fileRef = 9DB778D62BDABDE7001C3B34 /* ViewController.swift */; };
		9DB778DC2BDABDE9001C3B34 /* Assets.xcassets in Resources */ = {isa = PBXBuildFile; fileRef = 9DB778DB2BDABDE9001C3B34 /* Assets.xcassets */; };
		9DB778F32BDADCFA001C3B34 /* TabBarController.swift in Sources */ = {isa = PBXBuildFile; fileRef = 9DB778F22BDADCFA001C3B34 /* TabBarController.swift */; };
		9DB778F92BDAE0D6001C3B34 /* Launch Screen.storyboard in Resources */ = {isa = PBXBuildFile; fileRef = 9DB778F82BDAE0D6001C3B34 /* Launch Screen.storyboard */; };
		9DB779042BDB1549001C3B34 /* CreateViewController.swift in Sources */ = {isa = PBXBuildFile; fileRef = 9DB779032BDB1549001C3B34 /* CreateViewController.swift */; };
		9DB779062BDB1554001C3B34 /* NotificationViewController.swift in Sources */ = {isa = PBXBuildFile; fileRef = 9DB779052BDB1554001C3B34 /* NotificationViewController.swift */; };
		B48BAABC2BDC4D0000F373BB /* SplashViewController.swift in Sources */ = {isa = PBXBuildFile; fileRef = B48BAABB2BDC4D0000F373BB /* SplashViewController.swift */; };
		B48BAABE2BDC4D1300F373BB /* SplashPresenter.swift in Sources */ = {isa = PBXBuildFile; fileRef = B48BAABD2BDC4D1300F373BB /* SplashPresenter.swift */; };
		B48BAAC22BDC4EEC00F373BB /* SplashProtocols.swift in Sources */ = {isa = PBXBuildFile; fileRef = B48BAAC12BDC4EEC00F373BB /* SplashProtocols.swift */; };
		B48BAAC42BDC4F3200F373BB /* SplashViewModel.swift in Sources */ = {isa = PBXBuildFile; fileRef = B48BAAC32BDC4F3200F373BB /* SplashViewModel.swift */; };
		B48BAAC62BDC4F4C00F373BB /* SplashAssembly.swift in Sources */ = {isa = PBXBuildFile; fileRef = B48BAAC52BDC4F4C00F373BB /* SplashAssembly.swift */; };
		B48BAACA2BDC56D100F373BB /* ColorsConstants.swift in Sources */ = {isa = PBXBuildFile; fileRef = B48BAAC92BDC56D100F373BB /* ColorsConstants.swift */; };
		B48BAACC2BDC6A8300F373BB /* SplashRouter.swift in Sources */ = {isa = PBXBuildFile; fileRef = B48BAACB2BDC6A8300F373BB /* SplashRouter.swift */; };
		B48BAACF2BDD189700F373BB /* TaskViewController.swift in Sources */ = {isa = PBXBuildFile; fileRef = B48BAACE2BDD189700F373BB /* TaskViewController.swift */; };
		B48BAAD12BDD18D300F373BB /* TaskInteractor.swift in Sources */ = {isa = PBXBuildFile; fileRef = B48BAAD02BDD18D300F373BB /* TaskInteractor.swift */; };
		B48BAAD32BDD18F400F373BB /* TaskPresenter.swift in Sources */ = {isa = PBXBuildFile; fileRef = B48BAAD22BDD18F400F373BB /* TaskPresenter.swift */; };
		B48BAAD72BDD191F00F373BB /* TaskRouter.swift in Sources */ = {isa = PBXBuildFile; fileRef = B48BAAD62BDD191F00F373BB /* TaskRouter.swift */; };
		B48BAAD92BDD194C00F373BB /* TaskAssambler.swift in Sources */ = {isa = PBXBuildFile; fileRef = B48BAAD82BDD194C00F373BB /* TaskAssambler.swift */; };
		B48BAADB2BDD1A0D00F373BB /* TaskProtocols.swift in Sources */ = {isa = PBXBuildFile; fileRef = B48BAADA2BDD1A0D00F373BB /* TaskProtocols.swift */; };
		B48BAADD2BDD1A7D00F373BB /* TaskViewModel.swift in Sources */ = {isa = PBXBuildFile; fileRef = B48BAADC2BDD1A7D00F373BB /* TaskViewModel.swift */; };
/* End PBXBuildFile section */

/* Begin PBXFileReference section */
		20A588C42BDBE2FD00596EE7 /* RegistrationPresenter.swift */ = {isa = PBXFileReference; lastKnownFileType = sourcecode.swift; path = RegistrationPresenter.swift; sourceTree = "<group>"; };
		20A588C52BDBE2FD00596EE7 /* RegistrationRouter.swift */ = {isa = PBXFileReference; lastKnownFileType = sourcecode.swift; path = RegistrationRouter.swift; sourceTree = "<group>"; };
		20A588C62BDBE2FD00596EE7 /* RegistrationViewController.swift */ = {isa = PBXFileReference; lastKnownFileType = sourcecode.swift; path = RegistrationViewController.swift; sourceTree = "<group>"; };
		20A588C72BDBE2FD00596EE7 /* RegistrationProtocols.swift */ = {isa = PBXFileReference; lastKnownFileType = sourcecode.swift; path = RegistrationProtocols.swift; sourceTree = "<group>"; };
		20A588C82BDBE2FD00596EE7 /* RegistrationInteractor.swift */ = {isa = PBXFileReference; lastKnownFileType = sourcecode.swift; path = RegistrationInteractor.swift; sourceTree = "<group>"; };
		20A588C92BDBE2FD00596EE7 /* RegistrationContainer.swift */ = {isa = PBXFileReference; lastKnownFileType = sourcecode.swift; path = RegistrationContainer.swift; sourceTree = "<group>"; };
		20A588D02BDC119F00596EE7 /* AuthUIComponentsConfigurationProtocol.swift */ = {isa = PBXFileReference; lastKnownFileType = sourcecode.swift; path = AuthUIComponentsConfigurationProtocol.swift; sourceTree = "<group>"; };
		7465F9712BDB9CDD00CF0AE5 /* AuthService.swift */ = {isa = PBXFileReference; lastKnownFileType = sourcecode.swift; path = AuthService.swift; sourceTree = "<group>"; };
		7465F98B2BDBA35F00CF0AE5 /* ReplyPresenter.swift */ = {isa = PBXFileReference; lastKnownFileType = sourcecode.swift; path = ReplyPresenter.swift; sourceTree = "<group>"; };
		7465F98C2BDBA35F00CF0AE5 /* ReplyRouter.swift */ = {isa = PBXFileReference; lastKnownFileType = sourcecode.swift; path = ReplyRouter.swift; sourceTree = "<group>"; };
		7465F98D2BDBA35F00CF0AE5 /* ReplyViewController.swift */ = {isa = PBXFileReference; lastKnownFileType = sourcecode.swift; path = ReplyViewController.swift; sourceTree = "<group>"; };
		7465F98E2BDBA35F00CF0AE5 /* ReplyProtocols.swift */ = {isa = PBXFileReference; lastKnownFileType = sourcecode.swift; path = ReplyProtocols.swift; sourceTree = "<group>"; };
		7465F98F2BDBA35F00CF0AE5 /* ReplyInteractor.swift */ = {isa = PBXFileReference; lastKnownFileType = sourcecode.swift; path = ReplyInteractor.swift; sourceTree = "<group>"; };
		7465F9902BDBA35F00CF0AE5 /* ReplyContainer.swift */ = {isa = PBXFileReference; lastKnownFileType = sourcecode.swift; path = ReplyContainer.swift; sourceTree = "<group>"; };
		7465F9972BDBA36E00CF0AE5 /* FeedPresenter.swift */ = {isa = PBXFileReference; lastKnownFileType = sourcecode.swift; path = FeedPresenter.swift; sourceTree = "<group>"; };
		7465F9982BDBA36E00CF0AE5 /* FeedRouter.swift */ = {isa = PBXFileReference; lastKnownFileType = sourcecode.swift; path = FeedRouter.swift; sourceTree = "<group>"; };
		7465F9992BDBA36E00CF0AE5 /* FeedViewController.swift */ = {isa = PBXFileReference; lastKnownFileType = sourcecode.swift; path = FeedViewController.swift; sourceTree = "<group>"; };
		7465F99A2BDBA36E00CF0AE5 /* FeedProtocols.swift */ = {isa = PBXFileReference; lastKnownFileType = sourcecode.swift; path = FeedProtocols.swift; sourceTree = "<group>"; };
		7465F99B2BDBA36E00CF0AE5 /* FeedInteractor.swift */ = {isa = PBXFileReference; lastKnownFileType = sourcecode.swift; path = FeedInteractor.swift; sourceTree = "<group>"; };
		7465F99C2BDBA36E00CF0AE5 /* FeedContainer.swift */ = {isa = PBXFileReference; lastKnownFileType = sourcecode.swift; path = FeedContainer.swift; sourceTree = "<group>"; };
		7465F9AD2BDBC21300CF0AE5 /* AuthPresenter.swift */ = {isa = PBXFileReference; lastKnownFileType = sourcecode.swift; path = AuthPresenter.swift; sourceTree = "<group>"; };
		7465F9AE2BDBC21300CF0AE5 /* AuthRouter.swift */ = {isa = PBXFileReference; lastKnownFileType = sourcecode.swift; path = AuthRouter.swift; sourceTree = "<group>"; };
		7465F9AF2BDBC21300CF0AE5 /* AuthViewController.swift */ = {isa = PBXFileReference; lastKnownFileType = sourcecode.swift; path = AuthViewController.swift; sourceTree = "<group>"; };
		7465F9B02BDBC21300CF0AE5 /* AuthProtocols.swift */ = {isa = PBXFileReference; lastKnownFileType = sourcecode.swift; path = AuthProtocols.swift; sourceTree = "<group>"; };
		7465F9B12BDBC21300CF0AE5 /* AuthInteractor.swift */ = {isa = PBXFileReference; lastKnownFileType = sourcecode.swift; path = AuthInteractor.swift; sourceTree = "<group>"; };
		7465F9B22BDBC21300CF0AE5 /* AuthContainer.swift */ = {isa = PBXFileReference; lastKnownFileType = sourcecode.swift; path = AuthContainer.swift; sourceTree = "<group>"; };
		7482041C2BDBCB01005E7BF2 /* UIColor + HEX.swift */ = {isa = PBXFileReference; lastKnownFileType = sourcecode.swift; path = "UIColor + HEX.swift"; sourceTree = "<group>"; };
		748204202BDBE6FE005E7BF2 /* GoogleService-Info.plist */ = {isa = PBXFileReference; fileEncoding = 4; lastKnownFileType = text.plist.xml; path = "GoogleService-Info.plist"; sourceTree = "<group>"; };
		748204322BDBF8ED005E7BF2 /* AuthModel.swift */ = {isa = PBXFileReference; lastKnownFileType = sourcecode.swift; path = AuthModel.swift; sourceTree = "<group>"; };
		748204512BDC15D3005E7BF2 /* DetailProjectPresenter.swift */ = {isa = PBXFileReference; lastKnownFileType = sourcecode.swift; path = DetailProjectPresenter.swift; sourceTree = "<group>"; };
		748204522BDC15D3005E7BF2 /* DetailProjectRouter.swift */ = {isa = PBXFileReference; lastKnownFileType = sourcecode.swift; path = DetailProjectRouter.swift; sourceTree = "<group>"; };
		748204532BDC15D3005E7BF2 /* DetailProjectViewController.swift */ = {isa = PBXFileReference; lastKnownFileType = sourcecode.swift; path = DetailProjectViewController.swift; sourceTree = "<group>"; };
		748204542BDC15D3005E7BF2 /* DetailProjectProtocols.swift */ = {isa = PBXFileReference; lastKnownFileType = sourcecode.swift; path = DetailProjectProtocols.swift; sourceTree = "<group>"; };
		748204552BDC15D3005E7BF2 /* DetailProjectInteractor.swift */ = {isa = PBXFileReference; lastKnownFileType = sourcecode.swift; path = DetailProjectInteractor.swift; sourceTree = "<group>"; };
		748204562BDC15D3005E7BF2 /* DetailProjectContainer.swift */ = {isa = PBXFileReference; lastKnownFileType = sourcecode.swift; path = DetailProjectContainer.swift; sourceTree = "<group>"; };
		7482045F2BDC19CD005E7BF2 /* BaseRouter.swift */ = {isa = PBXFileReference; lastKnownFileType = sourcecode.swift; path = BaseRouter.swift; sourceTree = "<group>"; };
		748204622BDC19DF005E7BF2 /* BaseRouterProtocol.swift */ = {isa = PBXFileReference; lastKnownFileType = sourcecode.swift; path = BaseRouterProtocol.swift; sourceTree = "<group>"; };
		748204642BDC1E7C005E7BF2 /* DetailViewModel.swift */ = {isa = PBXFileReference; lastKnownFileType = sourcecode.swift; path = DetailViewModel.swift; sourceTree = "<group>"; };
		748204662BDC614B005E7BF2 /* DetailProjectCell.swift */ = {isa = PBXFileReference; lastKnownFileType = sourcecode.swift; path = DetailProjectCell.swift; sourceTree = "<group>"; };
		748204692BDD17E5005E7BF2 /* CircularProgressBar.swift */ = {isa = PBXFileReference; lastKnownFileType = sourcecode.swift; path = CircularProgressBar.swift; sourceTree = "<group>"; };
		9D1A0AA82BDC21BE00C563B6 /* EmptyStateView.swift */ = {isa = PBXFileReference; lastKnownFileType = sourcecode.swift; path = EmptyStateView.swift; sourceTree = "<group>"; };
		9D1A0AAB2BDC221E00C563B6 /* EmptyStateViewModel.swift */ = {isa = PBXFileReference; lastKnownFileType = sourcecode.swift; path = EmptyStateViewModel.swift; sourceTree = "<group>"; };
		9D1A0AAE2BDC257C00C563B6 /* TaskService.swift */ = {isa = PBXFileReference; lastKnownFileType = sourcecode.swift; path = TaskService.swift; sourceTree = "<group>"; };
		9D1A0AB12BDC37EB00C563B6 /* UIColor+Ext.swift */ = {isa = PBXFileReference; lastKnownFileType = sourcecode.swift; path = "UIColor+Ext.swift"; sourceTree = "<group>"; };
		9D1A0AB32BDC523000C563B6 /* Date+Ext.swift */ = {isa = PBXFileReference; lastKnownFileType = sourcecode.swift; path = "Date+Ext.swift"; sourceTree = "<group>"; };
		9D65C1312BDBA7B200BFDFF8 /* AuthViewController.swift */ = {isa = PBXFileReference; lastKnownFileType = sourcecode.swift; path = AuthViewController.swift; sourceTree = "<group>"; };
		9D65C1332BDBA9F400BFDFF8 /* CalendarPresenter.swift */ = {isa = PBXFileReference; lastKnownFileType = sourcecode.swift; path = CalendarPresenter.swift; sourceTree = "<group>"; };
		9D65C1342BDBA9F400BFDFF8 /* CalendarRouter.swift */ = {isa = PBXFileReference; lastKnownFileType = sourcecode.swift; path = CalendarRouter.swift; sourceTree = "<group>"; };
		9D65C1352BDBA9F400BFDFF8 /* CalendarViewController.swift */ = {isa = PBXFileReference; lastKnownFileType = sourcecode.swift; path = CalendarViewController.swift; sourceTree = "<group>"; };
		9D65C1362BDBA9F400BFDFF8 /* CalendarProtocols.swift */ = {isa = PBXFileReference; lastKnownFileType = sourcecode.swift; path = CalendarProtocols.swift; sourceTree = "<group>"; };
		9D65C1372BDBA9F400BFDFF8 /* CalendarInteractor.swift */ = {isa = PBXFileReference; lastKnownFileType = sourcecode.swift; path = CalendarInteractor.swift; sourceTree = "<group>"; };
		9D65C1382BDBA9F400BFDFF8 /* CalendarContainer.swift */ = {isa = PBXFileReference; lastKnownFileType = sourcecode.swift; path = CalendarContainer.swift; sourceTree = "<group>"; };
		9D65C1452BDBB02100BFDFF8 /* CalendarViewModel.swift */ = {isa = PBXFileReference; lastKnownFileType = sourcecode.swift; path = CalendarViewModel.swift; sourceTree = "<group>"; };
		9D65C14A2BDBB25D00BFDFF8 /* WeeklyCalendarViewController.swift */ = {isa = PBXFileReference; lastKnownFileType = sourcecode.swift; path = WeeklyCalendarViewController.swift; sourceTree = "<group>"; };
		9D65C14D2BDBB3A300BFDFF8 /* UIHelper.swift */ = {isa = PBXFileReference; lastKnownFileType = sourcecode.swift; path = UIHelper.swift; sourceTree = "<group>"; };
		9D65C1522BDBB42E00BFDFF8 /* WeekCollectionViewCell.swift */ = {isa = PBXFileReference; lastKnownFileType = sourcecode.swift; path = WeekCollectionViewCell.swift; sourceTree = "<group>"; };
		9D65C1552BDBB44500BFDFF8 /* DayCollectionViewCell.swift */ = {isa = PBXFileReference; lastKnownFileType = sourcecode.swift; path = DayCollectionViewCell.swift; sourceTree = "<group>"; };
		9D65C1582BDBB4E100BFDFF8 /* DayCollectionViewCellViewModel.swift */ = {isa = PBXFileReference; lastKnownFileType = sourcecode.swift; path = DayCollectionViewCellViewModel.swift; sourceTree = "<group>"; };
		9D65C15B2BDBB56200BFDFF8 /* CalendarService.swift */ = {isa = PBXFileReference; lastKnownFileType = sourcecode.swift; path = CalendarService.swift; sourceTree = "<group>"; };
		9D65C15E2BDBD32A00BFDFF8 /* TaskTableViewCell.swift */ = {isa = PBXFileReference; lastKnownFileType = sourcecode.swift; path = TaskTableViewCell.swift; sourceTree = "<group>"; };
		9D65C1612BDBD7CC00BFDFF8 /* TaskTableViewCellViewModel.swift */ = {isa = PBXFileReference; lastKnownFileType = sourcecode.swift; path = TaskTableViewCellViewModel.swift; sourceTree = "<group>"; };
		9D97C3362BDCE8FF0042A31C /* DTO.swift */ = {isa = PBXFileReference; lastKnownFileType = sourcecode.swift; path = DTO.swift; sourceTree = "<group>"; };
		9D97C33D2BDD12370042A31C /* Domain.swift */ = {isa = PBXFileReference; lastKnownFileType = sourcecode.swift; path = Domain.swift; sourceTree = "<group>"; };
		9D97C3412BDD22C70042A31C /* TaskServiceError.swift */ = {isa = PBXFileReference; lastKnownFileType = sourcecode.swift; path = TaskServiceError.swift; sourceTree = "<group>"; };
		9DB778CF2BDABDE7001C3B34 /* ITSFest.app */ = {isa = PBXFileReference; explicitFileType = wrapper.application; includeInIndex = 0; path = ITSFest.app; sourceTree = BUILT_PRODUCTS_DIR; };
		9DB778D22BDABDE7001C3B34 /* AppDelegate.swift */ = {isa = PBXFileReference; lastKnownFileType = sourcecode.swift; path = AppDelegate.swift; sourceTree = "<group>"; };
		9DB778D42BDABDE7001C3B34 /* SceneDelegate.swift */ = {isa = PBXFileReference; lastKnownFileType = sourcecode.swift; path = SceneDelegate.swift; sourceTree = "<group>"; };
		9DB778D62BDABDE7001C3B34 /* ViewController.swift */ = {isa = PBXFileReference; lastKnownFileType = sourcecode.swift; path = ViewController.swift; sourceTree = "<group>"; };
		9DB778DB2BDABDE9001C3B34 /* Assets.xcassets */ = {isa = PBXFileReference; lastKnownFileType = folder.assetcatalog; path = Assets.xcassets; sourceTree = "<group>"; };
		9DB778E02BDABDE9001C3B34 /* Info.plist */ = {isa = PBXFileReference; lastKnownFileType = text.plist.xml; path = Info.plist; sourceTree = "<group>"; };
		9DB778F22BDADCFA001C3B34 /* TabBarController.swift */ = {isa = PBXFileReference; lastKnownFileType = sourcecode.swift; path = TabBarController.swift; sourceTree = "<group>"; };
		9DB778F82BDAE0D6001C3B34 /* Launch Screen.storyboard */ = {isa = PBXFileReference; lastKnownFileType = file.storyboard; path = "Launch Screen.storyboard"; sourceTree = "<group>"; };
		9DB779032BDB1549001C3B34 /* CreateViewController.swift */ = {isa = PBXFileReference; lastKnownFileType = sourcecode.swift; path = CreateViewController.swift; sourceTree = "<group>"; };
		9DB779052BDB1554001C3B34 /* NotificationViewController.swift */ = {isa = PBXFileReference; lastKnownFileType = sourcecode.swift; path = NotificationViewController.swift; sourceTree = "<group>"; };
		9DB779072BDB1576001C3B34 /* CalendarViewController.swift */ = {isa = PBXFileReference; lastKnownFileType = sourcecode.swift; path = CalendarViewController.swift; sourceTree = "<group>"; };
		B48BAABB2BDC4D0000F373BB /* SplashViewController.swift */ = {isa = PBXFileReference; lastKnownFileType = sourcecode.swift; path = SplashViewController.swift; sourceTree = "<group>"; };
		B48BAABD2BDC4D1300F373BB /* SplashPresenter.swift */ = {isa = PBXFileReference; lastKnownFileType = sourcecode.swift; path = SplashPresenter.swift; sourceTree = "<group>"; };
		B48BAAC12BDC4EEC00F373BB /* SplashProtocols.swift */ = {isa = PBXFileReference; lastKnownFileType = sourcecode.swift; path = SplashProtocols.swift; sourceTree = "<group>"; };
		B48BAAC32BDC4F3200F373BB /* SplashViewModel.swift */ = {isa = PBXFileReference; lastKnownFileType = sourcecode.swift; path = SplashViewModel.swift; sourceTree = "<group>"; };
		B48BAAC52BDC4F4C00F373BB /* SplashAssembly.swift */ = {isa = PBXFileReference; lastKnownFileType = sourcecode.swift; path = SplashAssembly.swift; sourceTree = "<group>"; };
		B48BAAC92BDC56D100F373BB /* ColorsConstants.swift */ = {isa = PBXFileReference; lastKnownFileType = sourcecode.swift; path = ColorsConstants.swift; sourceTree = "<group>"; };
		B48BAACB2BDC6A8300F373BB /* SplashRouter.swift */ = {isa = PBXFileReference; lastKnownFileType = sourcecode.swift; path = SplashRouter.swift; sourceTree = "<group>"; };
		B48BAACE2BDD189700F373BB /* TaskViewController.swift */ = {isa = PBXFileReference; lastKnownFileType = sourcecode.swift; path = TaskViewController.swift; sourceTree = "<group>"; };
		B48BAAD02BDD18D300F373BB /* TaskInteractor.swift */ = {isa = PBXFileReference; lastKnownFileType = sourcecode.swift; path = TaskInteractor.swift; sourceTree = "<group>"; };
		B48BAAD22BDD18F400F373BB /* TaskPresenter.swift */ = {isa = PBXFileReference; lastKnownFileType = sourcecode.swift; path = TaskPresenter.swift; sourceTree = "<group>"; };
		B48BAAD62BDD191F00F373BB /* TaskRouter.swift */ = {isa = PBXFileReference; lastKnownFileType = sourcecode.swift; path = TaskRouter.swift; sourceTree = "<group>"; };
		B48BAAD82BDD194C00F373BB /* TaskAssambler.swift */ = {isa = PBXFileReference; lastKnownFileType = sourcecode.swift; path = TaskAssambler.swift; sourceTree = "<group>"; };
		B48BAADA2BDD1A0D00F373BB /* TaskProtocols.swift */ = {isa = PBXFileReference; lastKnownFileType = sourcecode.swift; path = TaskProtocols.swift; sourceTree = "<group>"; };
		B48BAADC2BDD1A7D00F373BB /* TaskViewModel.swift */ = {isa = PBXFileReference; lastKnownFileType = sourcecode.swift; path = TaskViewModel.swift; sourceTree = "<group>"; };
/* End PBXFileReference section */

/* Begin PBXFrameworksBuildPhase section */
		9DB778CC2BDABDE7001C3B34 /* Frameworks */ = {
			isa = PBXFrameworksBuildPhase;
			buildActionMask = 2147483647;
			files = (
				9D65C1412BDBABA000BFDFF8 /* SnapKit in Frameworks */,
				7482042A2BDBE763005E7BF2 /* FirebaseAnalyticsWithoutAdIdSupport in Frameworks */,
				9D65C1432BDBABA000BFDFF8 /* SnapKit-Dynamic in Frameworks */,
				748204242BDBE763005E7BF2 /* FirebaseAnalytics in Frameworks */,
				7482042C2BDBE763005E7BF2 /* FirebaseAppCheck in Frameworks */,
				748204312BDBEE92005E7BF2 /* FirebaseFirestore in Frameworks */,
				748204262BDBE763005E7BF2 /* FirebaseAnalyticsOnDeviceConversion in Frameworks */,
				748204282BDBE763005E7BF2 /* FirebaseAnalyticsSwift in Frameworks */,
				7482042F2BDBEE8C005E7BF2 /* FirebaseAuth in Frameworks */,
			);
			runOnlyForDeploymentPostprocessing = 0;
		};
/* End PBXFrameworksBuildPhase section */

/* Begin PBXGroup section */
		7465F9702BDB9CB700CF0AE5 /* Base */ = {
			isa = PBXGroup;
			children = (
				748204682BDD17C9005E7BF2 /* UIComponents */,
				748204342BDBF916005E7BF2 /* AuthorizationService */,
				7482045E2BDC1692005E7BF2 /* Extensions */,
				748204612BDC19D1005E7BF2 /* BaseRouter */,
				9D1A0AAD2BDC257300C563B6 /* Task */,
				9D65C15A2BDBB55400BFDFF8 /* Calendar */,
			);
			path = Base;
			sourceTree = "<group>";
		};
		7465F9892BDBA34400CF0AE5 /* Feed */ = {
			isa = PBXGroup;
			children = (
				7465F9972BDBA36E00CF0AE5 /* FeedPresenter.swift */,
				7465F9982BDBA36E00CF0AE5 /* FeedRouter.swift */,
				7465F9992BDBA36E00CF0AE5 /* FeedViewController.swift */,
				7465F99A2BDBA36E00CF0AE5 /* FeedProtocols.swift */,
				7465F99B2BDBA36E00CF0AE5 /* FeedInteractor.swift */,
				7465F99C2BDBA36E00CF0AE5 /* FeedContainer.swift */,
			);
			path = Feed;
			sourceTree = "<group>";
		};
		7465F98A2BDBA34B00CF0AE5 /* Reply */ = {
			isa = PBXGroup;
			children = (
				7465F98B2BDBA35F00CF0AE5 /* ReplyPresenter.swift */,
				7465F98C2BDBA35F00CF0AE5 /* ReplyRouter.swift */,
				7465F98D2BDBA35F00CF0AE5 /* ReplyViewController.swift */,
				7465F98E2BDBA35F00CF0AE5 /* ReplyProtocols.swift */,
				7465F98F2BDBA35F00CF0AE5 /* ReplyInteractor.swift */,
				7465F9902BDBA35F00CF0AE5 /* ReplyContainer.swift */,
			);
			path = Reply;
			sourceTree = "<group>";
		};
		7482041E2BDBD5D6005E7BF2 /* Registration */ = {
			isa = PBXGroup;
			children = (
				20A588C42BDBE2FD00596EE7 /* RegistrationPresenter.swift */,
				20A588C52BDBE2FD00596EE7 /* RegistrationRouter.swift */,
				20A588C62BDBE2FD00596EE7 /* RegistrationViewController.swift */,
				20A588C72BDBE2FD00596EE7 /* RegistrationProtocols.swift */,
				20A588C82BDBE2FD00596EE7 /* RegistrationInteractor.swift */,
				20A588C92BDBE2FD00596EE7 /* RegistrationContainer.swift */,
			);
			path = Registration;
			sourceTree = "<group>";
		};
		7482041F2BDBD5E7005E7BF2 /* Authorization */ = {
			isa = PBXGroup;
			children = (
				7465F9AD2BDBC21300CF0AE5 /* AuthPresenter.swift */,
				7465F9AE2BDBC21300CF0AE5 /* AuthRouter.swift */,
				7465F9AF2BDBC21300CF0AE5 /* AuthViewController.swift */,
				7465F9B02BDBC21300CF0AE5 /* AuthProtocols.swift */,
				7465F9B12BDBC21300CF0AE5 /* AuthInteractor.swift */,
				7465F9B22BDBC21300CF0AE5 /* AuthContainer.swift */,
			);
			path = Authorization;
			sourceTree = "<group>";
		};
		7482042D2BDBEE8C005E7BF2 /* Frameworks */ = {
			isa = PBXGroup;
			children = (
			);
			name = Frameworks;
			sourceTree = "<group>";
		};
		748204342BDBF916005E7BF2 /* AuthorizationService */ = {
			isa = PBXGroup;
			children = (
				7465F9712BDB9CDD00CF0AE5 /* AuthService.swift */,
				748204322BDBF8ED005E7BF2 /* AuthModel.swift */,
			);
			path = AuthorizationService;
			sourceTree = "<group>";
		};
		748204502BDC15C1005E7BF2 /* DetailProject */ = {
			isa = PBXGroup;
			children = (
				748204512BDC15D3005E7BF2 /* DetailProjectPresenter.swift */,
				748204522BDC15D3005E7BF2 /* DetailProjectRouter.swift */,
				748204532BDC15D3005E7BF2 /* DetailProjectViewController.swift */,
				748204542BDC15D3005E7BF2 /* DetailProjectProtocols.swift */,
				748204552BDC15D3005E7BF2 /* DetailProjectInteractor.swift */,
				748204562BDC15D3005E7BF2 /* DetailProjectContainer.swift */,
				748204642BDC1E7C005E7BF2 /* DetailViewModel.swift */,
				748204662BDC614B005E7BF2 /* DetailProjectCell.swift */,
			);
			path = DetailProject;
			sourceTree = "<group>";
		};
		7482045E2BDC1692005E7BF2 /* Extensions */ = {
			isa = PBXGroup;
			children = (
				7482041C2BDBCB01005E7BF2 /* UIColor + HEX.swift */,
			);
			path = Extensions;
			sourceTree = "<group>";
		};
		748204612BDC19D1005E7BF2 /* BaseRouter */ = {
			isa = PBXGroup;
			children = (
				7482045F2BDC19CD005E7BF2 /* BaseRouter.swift */,
				748204622BDC19DF005E7BF2 /* BaseRouterProtocol.swift */,
			);
			path = BaseRouter;
			sourceTree = "<group>";
		};
		9D1A0AA72BDC21B200C563B6 /* EmptyState */ = {
			isa = PBXGroup;
			children = (
				9D1A0AAA2BDC221400C563B6 /* Models */,
				9D1A0AA82BDC21BE00C563B6 /* EmptyStateView.swift */,
			);
			path = EmptyState;
			sourceTree = "<group>";
		};
		9D1A0AAA2BDC221400C563B6 /* Models */ = {
			isa = PBXGroup;
			children = (
				9D1A0AAB2BDC221E00C563B6 /* EmptyStateViewModel.swift */,
			);
			path = Models;
			sourceTree = "<group>";
		};
		9D1A0AAD2BDC257300C563B6 /* Task */ = {
			isa = PBXGroup;
			children = (
				9D97C33F2BDD22A40042A31C /* Errors */,
				9D97C3352BDCE8F80042A31C /* Models */,
				9D1A0AAE2BDC257C00C563B6 /* TaskService.swift */,
			);
			path = Task;
			sourceTree = "<group>";
		};
		748204682BDD17C9005E7BF2 /* UIComponents */ = {
			isa = PBXGroup;
			children = (
				748204692BDD17E5005E7BF2 /* CircularProgressBar.swift */,
			);
			path = UIComponents;
			sourceTree = "<group>";
		};
		9D65C1302BDBA74500BFDFF8 /* Auth */ = {
			isa = PBXGroup;
			children = (
				7482041E2BDBD5D6005E7BF2 /* Registration */,
				7482041F2BDBD5E7005E7BF2 /* Authorization */,
				20A588D02BDC119F00596EE7 /* AuthUIComponentsConfigurationProtocol.swift */,
			);
			path = Auth;
			sourceTree = "<group>";
		};
		9D65C1442BDBB00C00BFDFF8 /* Models */ = {
			isa = PBXGroup;
			children = (
				9D65C1452BDBB02100BFDFF8 /* CalendarViewModel.swift */,
				9D65C1612BDBD7CC00BFDFF8 /* TaskTableViewCellViewModel.swift */,
			);
			path = Models;
			sourceTree = "<group>";
		};
		9D65C1472BDBB22800BFDFF8 /* Views */ = {
			isa = PBXGroup;
			children = (
				9D1A0AA72BDC21B200C563B6 /* EmptyState */,
				9D65C15D2BDBD30A00BFDFF8 /* Cells */,
				9D65C14F2BDBB3E300BFDFF8 /* WeeklyCalendar */,
			);
			path = Views;
			sourceTree = "<group>";
		};
		9D65C14C2BDBB39C00BFDFF8 /* Helpers */ = {
			isa = PBXGroup;
			children = (
				9D65C14D2BDBB3A300BFDFF8 /* UIHelper.swift */,
			);
			path = Helpers;
			sourceTree = "<group>";
		};
		9D65C14F2BDBB3E300BFDFF8 /* WeeklyCalendar */ = {
			isa = PBXGroup;
			children = (
				9D65C1572BDBB4D600BFDFF8 /* Models */,
				9D65C14C2BDBB39C00BFDFF8 /* Helpers */,
				9D65C1502BDBB3EB00BFDFF8 /* Cells */,
				9D65C14A2BDBB25D00BFDFF8 /* WeeklyCalendarViewController.swift */,
			);
			path = WeeklyCalendar;
			sourceTree = "<group>";
		};
		9D65C1502BDBB3EB00BFDFF8 /* Cells */ = {
			isa = PBXGroup;
			children = (
				9D65C1522BDBB42E00BFDFF8 /* WeekCollectionViewCell.swift */,
				9D65C1552BDBB44500BFDFF8 /* DayCollectionViewCell.swift */,
			);
			path = Cells;
			sourceTree = "<group>";
		};
		9D65C1572BDBB4D600BFDFF8 /* Models */ = {
			isa = PBXGroup;
			children = (
				9D65C1582BDBB4E100BFDFF8 /* DayCollectionViewCellViewModel.swift */,
			);
			path = Models;
			sourceTree = "<group>";
		};
		9D65C15A2BDBB55400BFDFF8 /* Calendar */ = {
			isa = PBXGroup;
			children = (
				9D65C15B2BDBB56200BFDFF8 /* CalendarService.swift */,
			);
			path = Calendar;
			sourceTree = "<group>";
		};
		9D65C15D2BDBD30A00BFDFF8 /* Cells */ = {
			isa = PBXGroup;
			children = (
				9D65C15E2BDBD32A00BFDFF8 /* TaskTableViewCell.swift */,
			);
			path = Cells;
			sourceTree = "<group>";
		};
		9D65C1662BDBEB4700BFDFF8 /* Extensions */ = {
			isa = PBXGroup;
			children = (
				9D1A0AB12BDC37EB00C563B6 /* UIColor+Ext.swift */,
				9D1A0AB32BDC523000C563B6 /* Date+Ext.swift */,
			);
			path = Extensions;
			sourceTree = "<group>";
		};
		9D97C3352BDCE8F80042A31C /* Models */ = {
			isa = PBXGroup;
			children = (
				9D97C3362BDCE8FF0042A31C /* DTO.swift */,
				9D97C33D2BDD12370042A31C /* Domain.swift */,
			);
			path = Models;
			sourceTree = "<group>";
		};
		9D97C33B2BDCF3A30042A31C /* Recovered References */ = {
			isa = PBXGroup;
			children = (
				9D65C1312BDBA7B200BFDFF8 /* AuthViewController.swift */,
				9DB779072BDB1576001C3B34 /* CalendarViewController.swift */,
			);
			name = "Recovered References";
			sourceTree = "<group>";
		};
		9D97C33F2BDD22A40042A31C /* Errors */ = {
			isa = PBXGroup;
			children = (
				9D97C3412BDD22C70042A31C /* TaskServiceError.swift */,
			);
			path = Errors;
			sourceTree = "<group>";
		};
		9DB778C62BDABDE7001C3B34 = {
			isa = PBXGroup;
			children = (
				9DB778D12BDABDE7001C3B34 /* ITSFest */,
				9DB778D02BDABDE7001C3B34 /* Products */,
				7482042D2BDBEE8C005E7BF2 /* Frameworks */,
				9D97C33B2BDCF3A30042A31C /* Recovered References */,
			);
			sourceTree = "<group>";
		};
		9DB778D02BDABDE7001C3B34 /* Products */ = {
			isa = PBXGroup;
			children = (
				9DB778CF2BDABDE7001C3B34 /* ITSFest.app */,
			);
			name = Products;
			sourceTree = "<group>";
		};
		9DB778D12BDABDE7001C3B34 /* ITSFest */ = {
			isa = PBXGroup;
			children = (
				9D65C1662BDBEB4700BFDFF8 /* Extensions */,
				9DB778F52BDADFF7001C3B34 /* Modules */,
				9DB778F42BDADF94001C3B34 /* Support */,
				9DB778E02BDABDE9001C3B34 /* Info.plist */,
				748204202BDBE6FE005E7BF2 /* GoogleService-Info.plist */,
			);
			path = ITSFest;
			sourceTree = "<group>";
		};
		9DB778F42BDADF94001C3B34 /* Support */ = {
			isa = PBXGroup;
			children = (
				9DB778D22BDABDE7001C3B34 /* AppDelegate.swift */,
				9DB778D42BDABDE7001C3B34 /* SceneDelegate.swift */,
				9DB778D62BDABDE7001C3B34 /* ViewController.swift */,
				B48BAAC92BDC56D100F373BB /* ColorsConstants.swift */,
				9DB778DB2BDABDE9001C3B34 /* Assets.xcassets */,
				9DB778F82BDAE0D6001C3B34 /* Launch Screen.storyboard */,
			);
			path = Support;
			sourceTree = "<group>";
		};
		9DB778F52BDADFF7001C3B34 /* Modules */ = {
			isa = PBXGroup;
			children = (
				B48BAACD2BDD188200F373BB /* Task */,
				B48BAABA2BDC4CED00F373BB /* Splash */,
				9DB778FA2BDB12AB001C3B34 /* Home */,
				9DB778FB2BDB12B5001C3B34 /* Chat */,
				9DB778FC2BDB12BA001C3B34 /* Create */,
				9DB778FD2BDB12C3001C3B34 /* Calendar */,
				9DB778FE2BDB12C7001C3B34 /* Notification */,
				9DB778F62BDADFFD001C3B34 /* TabBar */,
				9D65C1302BDBA74500BFDFF8 /* Auth */,
				7465F9702BDB9CB700CF0AE5 /* Base */,
			);
			path = Modules;
			sourceTree = "<group>";
		};
		9DB778F62BDADFFD001C3B34 /* TabBar */ = {
			isa = PBXGroup;
			children = (
				9DB778F22BDADCFA001C3B34 /* TabBarController.swift */,
			);
			path = TabBar;
			sourceTree = "<group>";
		};
		9DB778FA2BDB12AB001C3B34 /* Home */ = {
			isa = PBXGroup;
			children = (
				748204502BDC15C1005E7BF2 /* DetailProject */,
			);
			path = Home;
			sourceTree = "<group>";
		};
		9DB778FB2BDB12B5001C3B34 /* Chat */ = {
			isa = PBXGroup;
			children = (
				7465F98A2BDBA34B00CF0AE5 /* Reply */,
				7465F9892BDBA34400CF0AE5 /* Feed */,
			);
			path = Chat;
			sourceTree = "<group>";
		};
		9DB778FC2BDB12BA001C3B34 /* Create */ = {
			isa = PBXGroup;
			children = (
				9DB779032BDB1549001C3B34 /* CreateViewController.swift */,
			);
			path = Create;
			sourceTree = "<group>";
		};
		9DB778FD2BDB12C3001C3B34 /* Calendar */ = {
			isa = PBXGroup;
			children = (
				9D65C1472BDBB22800BFDFF8 /* Views */,
				9D65C1442BDBB00C00BFDFF8 /* Models */,
				9D65C1332BDBA9F400BFDFF8 /* CalendarPresenter.swift */,
				9D65C1342BDBA9F400BFDFF8 /* CalendarRouter.swift */,
				9D65C1352BDBA9F400BFDFF8 /* CalendarViewController.swift */,
				9D65C1362BDBA9F400BFDFF8 /* CalendarProtocols.swift */,
				9D65C1372BDBA9F400BFDFF8 /* CalendarInteractor.swift */,
				9D65C1382BDBA9F400BFDFF8 /* CalendarContainer.swift */,
			);
			path = Calendar;
			sourceTree = "<group>";
		};
		9DB778FE2BDB12C7001C3B34 /* Notification */ = {
			isa = PBXGroup;
			children = (
				9DB779052BDB1554001C3B34 /* NotificationViewController.swift */,
			);
			path = Notification;
			sourceTree = "<group>";
		};
		B48BAABA2BDC4CED00F373BB /* Splash */ = {
			isa = PBXGroup;
			children = (
				B48BAABB2BDC4D0000F373BB /* SplashViewController.swift */,
				B48BAABD2BDC4D1300F373BB /* SplashPresenter.swift */,
				B48BAAC12BDC4EEC00F373BB /* SplashProtocols.swift */,
				B48BAAC32BDC4F3200F373BB /* SplashViewModel.swift */,
				B48BAAC52BDC4F4C00F373BB /* SplashAssembly.swift */,
				B48BAACB2BDC6A8300F373BB /* SplashRouter.swift */,
			);
			path = Splash;
			sourceTree = "<group>";
		};
		B48BAACD2BDD188200F373BB /* Task */ = {
			isa = PBXGroup;
			children = (
				B48BAADE2BDD1A8A00F373BB /* Models */,
				B48BAACE2BDD189700F373BB /* TaskViewController.swift */,
				B48BAAD02BDD18D300F373BB /* TaskInteractor.swift */,
				B48BAAD22BDD18F400F373BB /* TaskPresenter.swift */,
				B48BAAD62BDD191F00F373BB /* TaskRouter.swift */,
				B48BAAD82BDD194C00F373BB /* TaskAssambler.swift */,
				B48BAADA2BDD1A0D00F373BB /* TaskProtocols.swift */,
			);
			path = Task;
			sourceTree = "<group>";
		};
		B48BAADE2BDD1A8A00F373BB /* Models */ = {
			isa = PBXGroup;
			children = (
				B48BAADC2BDD1A7D00F373BB /* TaskViewModel.swift */,
			);
			path = Models;
			sourceTree = "<group>";
		};
/* End PBXGroup section */

/* Begin PBXNativeTarget section */
		9DB778CE2BDABDE7001C3B34 /* ITSFest */ = {
			isa = PBXNativeTarget;
			buildConfigurationList = 9DB778E32BDABDE9001C3B34 /* Build configuration list for PBXNativeTarget "ITSFest" */;
			buildPhases = (
				9DB778CB2BDABDE7001C3B34 /* Sources */,
				9DB778CC2BDABDE7001C3B34 /* Frameworks */,
				9DB778CD2BDABDE7001C3B34 /* Resources */,
			);
			buildRules = (
			);
			dependencies = (
			);
			name = ITSFest;
			packageProductDependencies = (
				9D65C1402BDBABA000BFDFF8 /* SnapKit */,
				9D65C1422BDBABA000BFDFF8 /* SnapKit-Dynamic */,
				748204232BDBE763005E7BF2 /* FirebaseAnalytics */,
				748204252BDBE763005E7BF2 /* FirebaseAnalyticsOnDeviceConversion */,
				748204272BDBE763005E7BF2 /* FirebaseAnalyticsSwift */,
				748204292BDBE763005E7BF2 /* FirebaseAnalyticsWithoutAdIdSupport */,
				7482042B2BDBE763005E7BF2 /* FirebaseAppCheck */,
				7482042E2BDBEE8C005E7BF2 /* FirebaseAuth */,
				748204302BDBEE92005E7BF2 /* FirebaseFirestore */,
			);
			productName = ITSFest;
			productReference = 9DB778CF2BDABDE7001C3B34 /* ITSFest.app */;
			productType = "com.apple.product-type.application";
		};
/* End PBXNativeTarget section */

/* Begin PBXProject section */
		9DB778C72BDABDE7001C3B34 /* Project object */ = {
			isa = PBXProject;
			attributes = {
				BuildIndependentTargetsInParallel = 1;
				LastSwiftUpdateCheck = 1530;
				LastUpgradeCheck = 1530;
				TargetAttributes = {
					9DB778CE2BDABDE7001C3B34 = {
						CreatedOnToolsVersion = 15.3;
					};
				};
			};
			buildConfigurationList = 9DB778CA2BDABDE7001C3B34 /* Build configuration list for PBXProject "ITSFest" */;
			compatibilityVersion = "Xcode 14.0";
			developmentRegion = en;
			hasScannedForEncodings = 0;
			knownRegions = (
				en,
				Base,
			);
			mainGroup = 9DB778C62BDABDE7001C3B34;
			packageReferences = (
				9D65C13F2BDBABA000BFDFF8 /* XCRemoteSwiftPackageReference "SnapKit" */,
				748204222BDBE763005E7BF2 /* XCRemoteSwiftPackageReference "firebase-ios-sdk" */,
			);
			productRefGroup = 9DB778D02BDABDE7001C3B34 /* Products */;
			projectDirPath = "";
			projectRoot = "";
			targets = (
				9DB778CE2BDABDE7001C3B34 /* ITSFest */,
			);
		};
/* End PBXProject section */

/* Begin PBXResourcesBuildPhase section */
		9DB778CD2BDABDE7001C3B34 /* Resources */ = {
			isa = PBXResourcesBuildPhase;
			buildActionMask = 2147483647;
			files = (
				9DB778F92BDAE0D6001C3B34 /* Launch Screen.storyboard in Resources */,
				9DB778DC2BDABDE9001C3B34 /* Assets.xcassets in Resources */,
				748204212BDBE6FE005E7BF2 /* GoogleService-Info.plist in Resources */,
			);
			runOnlyForDeploymentPostprocessing = 0;
		};
/* End PBXResourcesBuildPhase section */

/* Begin PBXSourcesBuildPhase section */
		9DB778CB2BDABDE7001C3B34 /* Sources */ = {
			isa = PBXSourcesBuildPhase;
			buildActionMask = 2147483647;
			files = (
				9D1A0AAC2BDC221E00C563B6 /* EmptyStateViewModel.swift in Sources */,
				9D65C1622BDBD7CC00BFDFF8 /* TaskTableViewCellViewModel.swift in Sources */,
				9D1A0AB42BDC523000C563B6 /* Date+Ext.swift in Sources */,
				20A588CD2BDBE2FD00596EE7 /* RegistrationProtocols.swift in Sources */,
				7465F9A02BDBA36E00CF0AE5 /* FeedProtocols.swift in Sources */,
				B48BAACF2BDD189700F373BB /* TaskViewController.swift in Sources */,
				B48BAACC2BDC6A8300F373BB /* SplashRouter.swift in Sources */,
				748204652BDC1E7C005E7BF2 /* DetailViewModel.swift in Sources */,
				7465F9922BDBA35F00CF0AE5 /* ReplyRouter.swift in Sources */,
				20A588CC2BDBE2FD00596EE7 /* RegistrationViewController.swift in Sources */,
				748204332BDBF8ED005E7BF2 /* AuthModel.swift in Sources */,
				9DB778D72BDABDE7001C3B34 /* ViewController.swift in Sources */,
				20A588CA2BDBE2FD00596EE7 /* RegistrationPresenter.swift in Sources */,
				7465F9B52BDBC21300CF0AE5 /* AuthViewController.swift in Sources */,
				748204602BDC19CD005E7BF2 /* BaseRouter.swift in Sources */,
				B48BAAC62BDC4F4C00F373BB /* SplashAssembly.swift in Sources */,
				B48BAAC22BDC4EEC00F373BB /* SplashProtocols.swift in Sources */,
				7482041D2BDBCB01005E7BF2 /* UIColor + HEX.swift in Sources */,
				9DB779062BDB1554001C3B34 /* NotificationViewController.swift in Sources */,
				7465F9912BDBA35F00CF0AE5 /* ReplyPresenter.swift in Sources */,
				9D65C15F2BDBD32A00BFDFF8 /* TaskTableViewCell.swift in Sources */,
				7465F9A12BDBA36E00CF0AE5 /* FeedInteractor.swift in Sources */,
				7482045B2BDC15D3005E7BF2 /* DetailProjectInteractor.swift in Sources */,
				B48BAAC42BDC4F3200F373BB /* SplashViewModel.swift in Sources */,
				20A588CE2BDBE2FD00596EE7 /* RegistrationInteractor.swift in Sources */,
				B48BAABE2BDC4D1300F373BB /* SplashPresenter.swift in Sources */,
				7465F9B82BDBC21300CF0AE5 /* AuthContainer.swift in Sources */,
				7465F9B62BDBC21300CF0AE5 /* AuthProtocols.swift in Sources */,
				20A588CF2BDBE2FD00596EE7 /* RegistrationContainer.swift in Sources */,
				B48BAABC2BDC4D0000F373BB /* SplashViewController.swift in Sources */,
				748204582BDC15D3005E7BF2 /* DetailProjectRouter.swift in Sources */,
				9DB779042BDB1549001C3B34 /* CreateViewController.swift in Sources */,
				7465F99E2BDBA36E00CF0AE5 /* FeedRouter.swift in Sources */,
				B48BAADB2BDD1A0D00F373BB /* TaskProtocols.swift in Sources */,
				20A588CB2BDBE2FD00596EE7 /* RegistrationRouter.swift in Sources */,
				9DB778F32BDADCFA001C3B34 /* TabBarController.swift in Sources */,
				7465F9932BDBA35F00CF0AE5 /* ReplyViewController.swift in Sources */,
				7465F9A22BDBA36E00CF0AE5 /* FeedContainer.swift in Sources */,
				B48BAAD72BDD191F00F373BB /* TaskRouter.swift in Sources */,
				7465F9962BDBA35F00CF0AE5 /* ReplyContainer.swift in Sources */,
				7482045C2BDC15D3005E7BF2 /* DetailProjectContainer.swift in Sources */,
				7465F99F2BDBA36E00CF0AE5 /* FeedViewController.swift in Sources */,
				B48BAADD2BDD1A7D00F373BB /* TaskViewModel.swift in Sources */,
				20A588D12BDC11A000596EE7 /* AuthUIComponentsConfigurationProtocol.swift in Sources */,
				7482046A2BDD17E5005E7BF2 /* CircularProgressBar.swift in Sources */,
				748204592BDC15D3005E7BF2 /* DetailProjectViewController.swift in Sources */,
				7465F9942BDBA35F00CF0AE5 /* ReplyProtocols.swift in Sources */,
				7465F99D2BDBA36E00CF0AE5 /* FeedPresenter.swift in Sources */,
				748204572BDC15D3005E7BF2 /* DetailProjectPresenter.swift in Sources */,
				7465F9B72BDBC21300CF0AE5 /* AuthInteractor.swift in Sources */,
				7465F9B32BDBC21300CF0AE5 /* AuthPresenter.swift in Sources */,
				7465F9B42BDBC21300CF0AE5 /* AuthRouter.swift in Sources */,
				7465F9952BDBA35F00CF0AE5 /* ReplyInteractor.swift in Sources */,
				9DB778D32BDABDE7001C3B34 /* AppDelegate.swift in Sources */,
				748204632BDC19DF005E7BF2 /* BaseRouterProtocol.swift in Sources */,
				748204672BDC614B005E7BF2 /* DetailProjectCell.swift in Sources */,
				7465F9722BDB9CDD00CF0AE5 /* AuthService.swift in Sources */,
				7482045A2BDC15D3005E7BF2 /* DetailProjectProtocols.swift in Sources */,
				9D1A0AA92BDC21BE00C563B6 /* EmptyStateView.swift in Sources */,
				9D65C1392BDBA9F400BFDFF8 /* CalendarPresenter.swift in Sources */,
				9D1A0AB22BDC37EB00C563B6 /* UIColor+Ext.swift in Sources */,
				9D65C13A2BDBA9F400BFDFF8 /* CalendarRouter.swift in Sources */,
				9D65C14B2BDBB25D00BFDFF8 /* WeeklyCalendarViewController.swift in Sources */,
				9D65C13B2BDBA9F400BFDFF8 /* CalendarViewController.swift in Sources */,
				9D65C1532BDBB42E00BFDFF8 /* WeekCollectionViewCell.swift in Sources */,
				9D65C13C2BDBA9F400BFDFF8 /* CalendarProtocols.swift in Sources */,
				9D65C13D2BDBA9F400BFDFF8 /* CalendarInteractor.swift in Sources */,
				9D65C13E2BDBA9F400BFDFF8 /* CalendarContainer.swift in Sources */,
				9D97C3372BDCE8FF0042A31C /* DTO.swift in Sources */,
				9D65C1462BDBB02100BFDFF8 /* CalendarViewModel.swift in Sources */,
				9D65C14E2BDBB3A300BFDFF8 /* UIHelper.swift in Sources */,
				9D1A0AAF2BDC257C00C563B6 /* TaskService.swift in Sources */,
				9D65C1592BDBB4E100BFDFF8 /* DayCollectionViewCellViewModel.swift in Sources */,
				9D65C1562BDBB44500BFDFF8 /* DayCollectionViewCell.swift in Sources */,
				9D65C15C2BDBB56200BFDFF8 /* CalendarService.swift in Sources */,
				9DB778D52BDABDE7001C3B34 /* SceneDelegate.swift in Sources */,
				B48BAAD12BDD18D300F373BB /* TaskInteractor.swift in Sources */,
				B48BAAD32BDD18F400F373BB /* TaskPresenter.swift in Sources */,
				B48BAAD92BDD194C00F373BB /* TaskAssambler.swift in Sources */,
				9D97C3422BDD22C70042A31C /* TaskServiceError.swift in Sources */,
				B48BAACA2BDC56D100F373BB /* ColorsConstants.swift in Sources */,
				9D97C33E2BDD12370042A31C /* Domain.swift in Sources */,
			);
			runOnlyForDeploymentPostprocessing = 0;
		};
/* End PBXSourcesBuildPhase section */

/* Begin XCBuildConfiguration section */
		9DB778E12BDABDE9001C3B34 /* Debug */ = {
			isa = XCBuildConfiguration;
			buildSettings = {
				ALWAYS_SEARCH_USER_PATHS = NO;
				ASSETCATALOG_COMPILER_GENERATE_SWIFT_ASSET_SYMBOL_EXTENSIONS = YES;
				CLANG_ANALYZER_NONNULL = YES;
				CLANG_ANALYZER_NUMBER_OBJECT_CONVERSION = YES_AGGRESSIVE;
				CLANG_CXX_LANGUAGE_STANDARD = "gnu++20";
				CLANG_ENABLE_MODULES = YES;
				CLANG_ENABLE_OBJC_ARC = YES;
				CLANG_ENABLE_OBJC_WEAK = YES;
				CLANG_WARN_BLOCK_CAPTURE_AUTORELEASING = YES;
				CLANG_WARN_BOOL_CONVERSION = YES;
				CLANG_WARN_COMMA = YES;
				CLANG_WARN_CONSTANT_CONVERSION = YES;
				CLANG_WARN_DEPRECATED_OBJC_IMPLEMENTATIONS = YES;
				CLANG_WARN_DIRECT_OBJC_ISA_USAGE = YES_ERROR;
				CLANG_WARN_DOCUMENTATION_COMMENTS = YES;
				CLANG_WARN_EMPTY_BODY = YES;
				CLANG_WARN_ENUM_CONVERSION = YES;
				CLANG_WARN_INFINITE_RECURSION = YES;
				CLANG_WARN_INT_CONVERSION = YES;
				CLANG_WARN_NON_LITERAL_NULL_CONVERSION = YES;
				CLANG_WARN_OBJC_IMPLICIT_RETAIN_SELF = YES;
				CLANG_WARN_OBJC_LITERAL_CONVERSION = YES;
				CLANG_WARN_OBJC_ROOT_CLASS = YES_ERROR;
				CLANG_WARN_QUOTED_INCLUDE_IN_FRAMEWORK_HEADER = YES;
				CLANG_WARN_RANGE_LOOP_ANALYSIS = YES;
				CLANG_WARN_STRICT_PROTOTYPES = YES;
				CLANG_WARN_SUSPICIOUS_MOVE = YES;
				CLANG_WARN_UNGUARDED_AVAILABILITY = YES_AGGRESSIVE;
				CLANG_WARN_UNREACHABLE_CODE = YES;
				CLANG_WARN__DUPLICATE_METHOD_MATCH = YES;
				COPY_PHASE_STRIP = NO;
				DEBUG_INFORMATION_FORMAT = dwarf;
				ENABLE_STRICT_OBJC_MSGSEND = YES;
				ENABLE_TESTABILITY = YES;
				ENABLE_USER_SCRIPT_SANDBOXING = YES;
				GCC_C_LANGUAGE_STANDARD = gnu17;
				GCC_DYNAMIC_NO_PIC = NO;
				GCC_NO_COMMON_BLOCKS = YES;
				GCC_OPTIMIZATION_LEVEL = 0;
				GCC_PREPROCESSOR_DEFINITIONS = (
					"DEBUG=1",
					"$(inherited)",
				);
				GCC_WARN_64_TO_32_BIT_CONVERSION = YES;
				GCC_WARN_ABOUT_RETURN_TYPE = YES_ERROR;
				GCC_WARN_UNDECLARED_SELECTOR = YES;
				GCC_WARN_UNINITIALIZED_AUTOS = YES_AGGRESSIVE;
				GCC_WARN_UNUSED_FUNCTION = YES;
				GCC_WARN_UNUSED_VARIABLE = YES;
				IPHONEOS_DEPLOYMENT_TARGET = 17.4;
				LOCALIZATION_PREFERS_STRING_CATALOGS = YES;
				MTL_ENABLE_DEBUG_INFO = INCLUDE_SOURCE;
				MTL_FAST_MATH = YES;
				ONLY_ACTIVE_ARCH = YES;
				SDKROOT = iphoneos;
				SWIFT_ACTIVE_COMPILATION_CONDITIONS = "DEBUG $(inherited)";
				SWIFT_OPTIMIZATION_LEVEL = "-Onone";
			};
			name = Debug;
		};
		9DB778E22BDABDE9001C3B34 /* Release */ = {
			isa = XCBuildConfiguration;
			buildSettings = {
				ALWAYS_SEARCH_USER_PATHS = NO;
				ASSETCATALOG_COMPILER_GENERATE_SWIFT_ASSET_SYMBOL_EXTENSIONS = YES;
				CLANG_ANALYZER_NONNULL = YES;
				CLANG_ANALYZER_NUMBER_OBJECT_CONVERSION = YES_AGGRESSIVE;
				CLANG_CXX_LANGUAGE_STANDARD = "gnu++20";
				CLANG_ENABLE_MODULES = YES;
				CLANG_ENABLE_OBJC_ARC = YES;
				CLANG_ENABLE_OBJC_WEAK = YES;
				CLANG_WARN_BLOCK_CAPTURE_AUTORELEASING = YES;
				CLANG_WARN_BOOL_CONVERSION = YES;
				CLANG_WARN_COMMA = YES;
				CLANG_WARN_CONSTANT_CONVERSION = YES;
				CLANG_WARN_DEPRECATED_OBJC_IMPLEMENTATIONS = YES;
				CLANG_WARN_DIRECT_OBJC_ISA_USAGE = YES_ERROR;
				CLANG_WARN_DOCUMENTATION_COMMENTS = YES;
				CLANG_WARN_EMPTY_BODY = YES;
				CLANG_WARN_ENUM_CONVERSION = YES;
				CLANG_WARN_INFINITE_RECURSION = YES;
				CLANG_WARN_INT_CONVERSION = YES;
				CLANG_WARN_NON_LITERAL_NULL_CONVERSION = YES;
				CLANG_WARN_OBJC_IMPLICIT_RETAIN_SELF = YES;
				CLANG_WARN_OBJC_LITERAL_CONVERSION = YES;
				CLANG_WARN_OBJC_ROOT_CLASS = YES_ERROR;
				CLANG_WARN_QUOTED_INCLUDE_IN_FRAMEWORK_HEADER = YES;
				CLANG_WARN_RANGE_LOOP_ANALYSIS = YES;
				CLANG_WARN_STRICT_PROTOTYPES = YES;
				CLANG_WARN_SUSPICIOUS_MOVE = YES;
				CLANG_WARN_UNGUARDED_AVAILABILITY = YES_AGGRESSIVE;
				CLANG_WARN_UNREACHABLE_CODE = YES;
				CLANG_WARN__DUPLICATE_METHOD_MATCH = YES;
				COPY_PHASE_STRIP = NO;
				DEBUG_INFORMATION_FORMAT = "dwarf-with-dsym";
				ENABLE_NS_ASSERTIONS = NO;
				ENABLE_STRICT_OBJC_MSGSEND = YES;
				ENABLE_USER_SCRIPT_SANDBOXING = YES;
				GCC_C_LANGUAGE_STANDARD = gnu17;
				GCC_NO_COMMON_BLOCKS = YES;
				GCC_WARN_64_TO_32_BIT_CONVERSION = YES;
				GCC_WARN_ABOUT_RETURN_TYPE = YES_ERROR;
				GCC_WARN_UNDECLARED_SELECTOR = YES;
				GCC_WARN_UNINITIALIZED_AUTOS = YES_AGGRESSIVE;
				GCC_WARN_UNUSED_FUNCTION = YES;
				GCC_WARN_UNUSED_VARIABLE = YES;
				IPHONEOS_DEPLOYMENT_TARGET = 17.4;
				LOCALIZATION_PREFERS_STRING_CATALOGS = YES;
				MTL_ENABLE_DEBUG_INFO = NO;
				MTL_FAST_MATH = YES;
				SDKROOT = iphoneos;
				SWIFT_COMPILATION_MODE = wholemodule;
				VALIDATE_PRODUCT = YES;
			};
			name = Release;
		};
		9DB778E42BDABDE9001C3B34 /* Debug */ = {
			isa = XCBuildConfiguration;
			buildSettings = {
				ASSETCATALOG_COMPILER_APPICON_NAME = AppIcon;
				ASSETCATALOG_COMPILER_GLOBAL_ACCENT_COLOR_NAME = AccentColor;
				CODE_SIGN_STYLE = Automatic;
				CURRENT_PROJECT_VERSION = 1;
				DEVELOPMENT_TEAM = 3Z9M2C83TD;
				GENERATE_INFOPLIST_FILE = YES;
				INFOPLIST_FILE = ITSFest/Info.plist;
				INFOPLIST_KEY_CFBundleDisplayName = "T-Planner";
				INFOPLIST_KEY_LSApplicationCategoryType = "public.app-category.productivity";
				INFOPLIST_KEY_UIApplicationSupportsIndirectInputEvents = YES;
				INFOPLIST_KEY_UILaunchStoryboardName = "Launch Screen";
				INFOPLIST_KEY_UISupportedInterfaceOrientations = UIInterfaceOrientationPortrait;
				INFOPLIST_KEY_UISupportedInterfaceOrientations_iPad = "UIInterfaceOrientationLandscapeLeft UIInterfaceOrientationLandscapeRight UIInterfaceOrientationPortrait UIInterfaceOrientationPortraitUpsideDown";
				IPHONEOS_DEPLOYMENT_TARGET = 17.0;
				LD_RUNPATH_SEARCH_PATHS = (
					"$(inherited)",
					"@executable_path/Frameworks",
				);
				MARKETING_VERSION = 1.0;
				PRODUCT_BUNDLE_IDENTIFIER = Alexander.ITSFest;
				PRODUCT_NAME = "$(TARGET_NAME)";
				SUPPORTED_PLATFORMS = "iphoneos iphonesimulator";
				SUPPORTS_MACCATALYST = NO;
				SUPPORTS_MAC_DESIGNED_FOR_IPHONE_IPAD = NO;
				SUPPORTS_XR_DESIGNED_FOR_IPHONE_IPAD = NO;
				SWIFT_EMIT_LOC_STRINGS = YES;
				SWIFT_VERSION = 5.0;
				TARGETED_DEVICE_FAMILY = 1;
			};
			name = Debug;
		};
		9DB778E52BDABDE9001C3B34 /* Release */ = {
			isa = XCBuildConfiguration;
			buildSettings = {
				ASSETCATALOG_COMPILER_APPICON_NAME = AppIcon;
				ASSETCATALOG_COMPILER_GLOBAL_ACCENT_COLOR_NAME = AccentColor;
				CODE_SIGN_STYLE = Automatic;
				CURRENT_PROJECT_VERSION = 1;
				DEVELOPMENT_TEAM = 3Z9M2C83TD;
				GENERATE_INFOPLIST_FILE = YES;
				INFOPLIST_FILE = ITSFest/Info.plist;
				INFOPLIST_KEY_CFBundleDisplayName = "T-Planner";
				INFOPLIST_KEY_LSApplicationCategoryType = "public.app-category.productivity";
				INFOPLIST_KEY_UIApplicationSupportsIndirectInputEvents = YES;
				INFOPLIST_KEY_UILaunchStoryboardName = "Launch Screen";
				INFOPLIST_KEY_UISupportedInterfaceOrientations = UIInterfaceOrientationPortrait;
				INFOPLIST_KEY_UISupportedInterfaceOrientations_iPad = "UIInterfaceOrientationLandscapeLeft UIInterfaceOrientationLandscapeRight UIInterfaceOrientationPortrait UIInterfaceOrientationPortraitUpsideDown";
				IPHONEOS_DEPLOYMENT_TARGET = 17.0;
				LD_RUNPATH_SEARCH_PATHS = (
					"$(inherited)",
					"@executable_path/Frameworks",
				);
				MARKETING_VERSION = 1.0;
				PRODUCT_BUNDLE_IDENTIFIER = Alexander.ITSFest;
				PRODUCT_NAME = "$(TARGET_NAME)";
				SUPPORTED_PLATFORMS = "iphoneos iphonesimulator";
				SUPPORTS_MACCATALYST = NO;
				SUPPORTS_MAC_DESIGNED_FOR_IPHONE_IPAD = NO;
				SUPPORTS_XR_DESIGNED_FOR_IPHONE_IPAD = NO;
				SWIFT_EMIT_LOC_STRINGS = YES;
				SWIFT_VERSION = 5.0;
				TARGETED_DEVICE_FAMILY = 1;
			};
			name = Release;
		};
/* End XCBuildConfiguration section */

/* Begin XCConfigurationList section */
		9DB778CA2BDABDE7001C3B34 /* Build configuration list for PBXProject "ITSFest" */ = {
			isa = XCConfigurationList;
			buildConfigurations = (
				9DB778E12BDABDE9001C3B34 /* Debug */,
				9DB778E22BDABDE9001C3B34 /* Release */,
			);
			defaultConfigurationIsVisible = 0;
			defaultConfigurationName = Release;
		};
		9DB778E32BDABDE9001C3B34 /* Build configuration list for PBXNativeTarget "ITSFest" */ = {
			isa = XCConfigurationList;
			buildConfigurations = (
				9DB778E42BDABDE9001C3B34 /* Debug */,
				9DB778E52BDABDE9001C3B34 /* Release */,
			);
			defaultConfigurationIsVisible = 0;
			defaultConfigurationName = Release;
		};
/* End XCConfigurationList section */

/* Begin XCRemoteSwiftPackageReference section */
		748204222BDBE763005E7BF2 /* XCRemoteSwiftPackageReference "firebase-ios-sdk" */ = {
			isa = XCRemoteSwiftPackageReference;
			repositoryURL = "https://github.com/firebase/firebase-ios-sdk.git";
			requirement = {
				kind = upToNextMajorVersion;
				minimumVersion = 10.24.0;
			};
		};
		9D65C13F2BDBABA000BFDFF8 /* XCRemoteSwiftPackageReference "SnapKit" */ = {
			isa = XCRemoteSwiftPackageReference;
			repositoryURL = "https://github.com/SnapKit/SnapKit.git";
			requirement = {
				kind = upToNextMajorVersion;
				minimumVersion = 5.7.1;
			};
		};
/* End XCRemoteSwiftPackageReference section */

/* Begin XCSwiftPackageProductDependency section */
		748204232BDBE763005E7BF2 /* FirebaseAnalytics */ = {
			isa = XCSwiftPackageProductDependency;
			package = 748204222BDBE763005E7BF2 /* XCRemoteSwiftPackageReference "firebase-ios-sdk" */;
			productName = FirebaseAnalytics;
		};
		748204252BDBE763005E7BF2 /* FirebaseAnalyticsOnDeviceConversion */ = {
			isa = XCSwiftPackageProductDependency;
			package = 748204222BDBE763005E7BF2 /* XCRemoteSwiftPackageReference "firebase-ios-sdk" */;
			productName = FirebaseAnalyticsOnDeviceConversion;
		};
		748204272BDBE763005E7BF2 /* FirebaseAnalyticsSwift */ = {
			isa = XCSwiftPackageProductDependency;
			package = 748204222BDBE763005E7BF2 /* XCRemoteSwiftPackageReference "firebase-ios-sdk" */;
			productName = FirebaseAnalyticsSwift;
		};
		748204292BDBE763005E7BF2 /* FirebaseAnalyticsWithoutAdIdSupport */ = {
			isa = XCSwiftPackageProductDependency;
			package = 748204222BDBE763005E7BF2 /* XCRemoteSwiftPackageReference "firebase-ios-sdk" */;
			productName = FirebaseAnalyticsWithoutAdIdSupport;
		};
		7482042B2BDBE763005E7BF2 /* FirebaseAppCheck */ = {
			isa = XCSwiftPackageProductDependency;
			package = 748204222BDBE763005E7BF2 /* XCRemoteSwiftPackageReference "firebase-ios-sdk" */;
			productName = FirebaseAppCheck;
		};
		7482042E2BDBEE8C005E7BF2 /* FirebaseAuth */ = {
			isa = XCSwiftPackageProductDependency;
			package = 748204222BDBE763005E7BF2 /* XCRemoteSwiftPackageReference "firebase-ios-sdk" */;
			productName = FirebaseAuth;
		};
		748204302BDBEE92005E7BF2 /* FirebaseFirestore */ = {
			isa = XCSwiftPackageProductDependency;
			package = 748204222BDBE763005E7BF2 /* XCRemoteSwiftPackageReference "firebase-ios-sdk" */;
			productName = FirebaseFirestore;
		};
		9D65C1402BDBABA000BFDFF8 /* SnapKit */ = {
			isa = XCSwiftPackageProductDependency;
			package = 9D65C13F2BDBABA000BFDFF8 /* XCRemoteSwiftPackageReference "SnapKit" */;
			productName = SnapKit;
		};
		9D65C1422BDBABA000BFDFF8 /* SnapKit-Dynamic */ = {
			isa = XCSwiftPackageProductDependency;
			package = 9D65C13F2BDBABA000BFDFF8 /* XCRemoteSwiftPackageReference "SnapKit" */;
			productName = "SnapKit-Dynamic";
		};
/* End XCSwiftPackageProductDependency section */
	};
	rootObject = 9DB778C72BDABDE7001C3B34 /* Project object */;
}
