// !$*UTF8*$!
{
	archiveVersion = 1;
	classes = {
	};
	objectVersion = 56;
	objects = {

/* Begin PBXBuildFile section */
		7465F9722BDB9CDD00CF0AE5 /* Service.swift in Sources */ = {isa = PBXBuildFile; fileRef = 7465F9712BDB9CDD00CF0AE5 /* Service.swift */; };
		7465F9912BDBA35F00CF0AE5 /* ReplyPresenter.swift in Sources */ = {isa = PBXBuildFile; fileRef = 7465F98B2BDBA35F00CF0AE5 /* ReplyPresenter.swift */; };
		7465F9922BDBA35F00CF0AE5 /* ReplyRouter.swift in Sources */ = {isa = PBXBuildFile; fileRef = 7465F98C2BDBA35F00CF0AE5 /* ReplyRouter.swift */; };
		7465F9932BDBA35F00CF0AE5 /* ReplyViewController.swift in Sources */ = {isa = PBXBuildFile; fileRef = 7465F98D2BDBA35F00CF0AE5 /* ReplyViewController.swift */; };
		7465F9942BDBA35F00CF0AE5 /* ReplyProtocols.swift in Sources */ = {isa = PBXBuildFile; fileRef = 7465F98E2BDBA35F00CF0AE5 /* ReplyProtocols.swift */; };
		7465F9952BDBA35F00CF0AE5 /* ReplyInteractor.swift in Sources */ = {isa = PBXBuildFile; fileRef = 7465F98F2BDBA35F00CF0AE5 /* ReplyInteractor.swift */; };
		7465F9962BDBA35F00CF0AE5 /* ReplyContainer.swift in Sources */ = {isa = PBXBuildFile; fileRef = 7465F9902BDBA35F00CF0AE5 /* ReplyContainer.swift */; };
		7465F99D2BDBA36E00CF0AE5 /* FeedPresenter.swift in Sources */ = {isa = PBXBuildFile; fileRef = 7465F9972BDBA36E00CF0AE5 /* FeedPresenter.swift */; };
		7465F99E2BDBA36E00CF0AE5 /* FeedRouter.swift in Sources */ = {isa = PBXBuildFile; fileRef = 7465F9982BDBA36E00CF0AE5 /* FeedRouter.swift */; };
		7465F99F2BDBA36E00CF0AE5 /* FeedViewController.swift in Sources */ = {isa = PBXBuildFile; fileRef = 7465F9992BDBA36E00CF0AE5 /* FeedViewController.swift */; };
		7465F9A02BDBA36E00CF0AE5 /* FeedProtocols.swift in Sources */ = {isa = PBXBuildFile; fileRef = 7465F99A2BDBA36E00CF0AE5 /* FeedProtocols.swift */; };
		7465F9A12BDBA36E00CF0AE5 /* FeedInteractor.swift in Sources */ = {isa = PBXBuildFile; fileRef = 7465F99B2BDBA36E00CF0AE5 /* FeedInteractor.swift */; };
		7465F9A22BDBA36E00CF0AE5 /* FeedContainer.swift in Sources */ = {isa = PBXBuildFile; fileRef = 7465F99C2BDBA36E00CF0AE5 /* FeedContainer.swift */; };
		7465F9B32BDBC21300CF0AE5 /* AuthPresenter.swift in Sources */ = {isa = PBXBuildFile; fileRef = 7465F9AD2BDBC21300CF0AE5 /* AuthPresenter.swift */; };
		7465F9B42BDBC21300CF0AE5 /* AuthRouter.swift in Sources */ = {isa = PBXBuildFile; fileRef = 7465F9AE2BDBC21300CF0AE5 /* AuthRouter.swift */; };
		7465F9B52BDBC21300CF0AE5 /* AuthViewController.swift in Sources */ = {isa = PBXBuildFile; fileRef = 7465F9AF2BDBC21300CF0AE5 /* AuthViewController.swift */; };
		7465F9B62BDBC21300CF0AE5 /* AuthProtocols.swift in Sources */ = {isa = PBXBuildFile; fileRef = 7465F9B02BDBC21300CF0AE5 /* AuthProtocols.swift */; };
		7465F9B72BDBC21300CF0AE5 /* AuthInteractor.swift in Sources */ = {isa = PBXBuildFile; fileRef = 7465F9B12BDBC21300CF0AE5 /* AuthInteractor.swift */; };
		7465F9B82BDBC21300CF0AE5 /* AuthContainer.swift in Sources */ = {isa = PBXBuildFile; fileRef = 7465F9B22BDBC21300CF0AE5 /* AuthContainer.swift */; };
		748204192BDBC637005E7BF2 /* FlowCoordinator.swift in Sources */ = {isa = PBXBuildFile; fileRef = 748204182BDBC637005E7BF2 /* FlowCoordinator.swift */; };
		7482041B2BDBC643005E7BF2 /* FlowCoordinatorProtocol.swift in Sources */ = {isa = PBXBuildFile; fileRef = 7482041A2BDBC643005E7BF2 /* FlowCoordinatorProtocol.swift */; };
		7482041D2BDBCB01005E7BF2 /* UIColor + HEX.swift in Sources */ = {isa = PBXBuildFile; fileRef = 7482041C2BDBCB01005E7BF2 /* UIColor + HEX.swift */; };
		9D65C1412BDBABA000BFDFF8 /* SnapKit in Frameworks */ = {isa = PBXBuildFile; productRef = 9D65C1402BDBABA000BFDFF8 /* SnapKit */; };
		9D65C1432BDBABA000BFDFF8 /* SnapKit-Dynamic in Frameworks */ = {isa = PBXBuildFile; productRef = 9D65C1422BDBABA000BFDFF8 /* SnapKit-Dynamic */; };
		9DB778D32BDABDE7001C3B34 /* AppDelegate.swift in Sources */ = {isa = PBXBuildFile; fileRef = 9DB778D22BDABDE7001C3B34 /* AppDelegate.swift */; };
		9DB778D52BDABDE7001C3B34 /* SceneDelegate.swift in Sources */ = {isa = PBXBuildFile; fileRef = 9DB778D42BDABDE7001C3B34 /* SceneDelegate.swift */; };
		9DB778D72BDABDE7001C3B34 /* ViewController.swift in Sources */ = {isa = PBXBuildFile; fileRef = 9DB778D62BDABDE7001C3B34 /* ViewController.swift */; };
		9DB778DC2BDABDE9001C3B34 /* Assets.xcassets in Resources */ = {isa = PBXBuildFile; fileRef = 9DB778DB2BDABDE9001C3B34 /* Assets.xcassets */; };
		9DB778F32BDADCFA001C3B34 /* TabBarController.swift in Sources */ = {isa = PBXBuildFile; fileRef = 9DB778F22BDADCFA001C3B34 /* TabBarController.swift */; };
		9DB778F92BDAE0D6001C3B34 /* Launch Screen.storyboard in Resources */ = {isa = PBXBuildFile; fileRef = 9DB778F82BDAE0D6001C3B34 /* Launch Screen.storyboard */; };
		9DB779002BDB151F001C3B34 /* HomeViewController.swift in Sources */ = {isa = PBXBuildFile; fileRef = 9DB778FF2BDB151F001C3B34 /* HomeViewController.swift */; };
		9DB779042BDB1549001C3B34 /* CreateViewController.swift in Sources */ = {isa = PBXBuildFile; fileRef = 9DB779032BDB1549001C3B34 /* CreateViewController.swift */; };
		9DB779062BDB1554001C3B34 /* NotificationViewController.swift in Sources */ = {isa = PBXBuildFile; fileRef = 9DB779052BDB1554001C3B34 /* NotificationViewController.swift */; };
		9DB779082BDB1576001C3B34 /* CalendarViewController.swift in Sources */ = {isa = PBXBuildFile; fileRef = 9DB779072BDB1576001C3B34 /* CalendarViewController.swift */; };
/* End PBXBuildFile section */

/* Begin PBXFileReference section */
		7465F9712BDB9CDD00CF0AE5 /* Service.swift */ = {isa = PBXFileReference; lastKnownFileType = sourcecode.swift; path = Service.swift; sourceTree = "<group>"; };
		7465F98B2BDBA35F00CF0AE5 /* ReplyPresenter.swift */ = {isa = PBXFileReference; lastKnownFileType = sourcecode.swift; path = ReplyPresenter.swift; sourceTree = "<group>"; };
		7465F98C2BDBA35F00CF0AE5 /* ReplyRouter.swift */ = {isa = PBXFileReference; lastKnownFileType = sourcecode.swift; path = ReplyRouter.swift; sourceTree = "<group>"; };
		7465F98D2BDBA35F00CF0AE5 /* ReplyViewController.swift */ = {isa = PBXFileReference; lastKnownFileType = sourcecode.swift; path = ReplyViewController.swift; sourceTree = "<group>"; };
		7465F98E2BDBA35F00CF0AE5 /* ReplyProtocols.swift */ = {isa = PBXFileReference; lastKnownFileType = sourcecode.swift; path = ReplyProtocols.swift; sourceTree = "<group>"; };
		7465F98F2BDBA35F00CF0AE5 /* ReplyInteractor.swift */ = {isa = PBXFileReference; lastKnownFileType = sourcecode.swift; path = ReplyInteractor.swift; sourceTree = "<group>"; };
		7465F9902BDBA35F00CF0AE5 /* ReplyContainer.swift */ = {isa = PBXFileReference; lastKnownFileType = sourcecode.swift; path = ReplyContainer.swift; sourceTree = "<group>"; };
		7465F9972BDBA36E00CF0AE5 /* FeedPresenter.swift */ = {isa = PBXFileReference; lastKnownFileType = sourcecode.swift; path = FeedPresenter.swift; sourceTree = "<group>"; };
		7465F9982BDBA36E00CF0AE5 /* FeedRouter.swift */ = {isa = PBXFileReference; lastKnownFileType = sourcecode.swift; path = FeedRouter.swift; sourceTree = "<group>"; };
		7465F9992BDBA36E00CF0AE5 /* FeedViewController.swift */ = {isa = PBXFileReference; lastKnownFileType = sourcecode.swift; path = FeedViewController.swift; sourceTree = "<group>"; };
		7465F99A2BDBA36E00CF0AE5 /* FeedProtocols.swift */ = {isa = PBXFileReference; lastKnownFileType = sourcecode.swift; path = FeedProtocols.swift; sourceTree = "<group>"; };
		7465F99B2BDBA36E00CF0AE5 /* FeedInteractor.swift */ = {isa = PBXFileReference; lastKnownFileType = sourcecode.swift; path = FeedInteractor.swift; sourceTree = "<group>"; };
		7465F99C2BDBA36E00CF0AE5 /* FeedContainer.swift */ = {isa = PBXFileReference; lastKnownFileType = sourcecode.swift; path = FeedContainer.swift; sourceTree = "<group>"; };
		7465F9AD2BDBC21300CF0AE5 /* AuthPresenter.swift */ = {isa = PBXFileReference; lastKnownFileType = sourcecode.swift; path = AuthPresenter.swift; sourceTree = "<group>"; };
		7465F9AE2BDBC21300CF0AE5 /* AuthRouter.swift */ = {isa = PBXFileReference; lastKnownFileType = sourcecode.swift; path = AuthRouter.swift; sourceTree = "<group>"; };
		7465F9AF2BDBC21300CF0AE5 /* AuthViewController.swift */ = {isa = PBXFileReference; lastKnownFileType = sourcecode.swift; path = AuthViewController.swift; sourceTree = "<group>"; };
		7465F9B02BDBC21300CF0AE5 /* AuthProtocols.swift */ = {isa = PBXFileReference; lastKnownFileType = sourcecode.swift; path = AuthProtocols.swift; sourceTree = "<group>"; };
		7465F9B12BDBC21300CF0AE5 /* AuthInteractor.swift */ = {isa = PBXFileReference; lastKnownFileType = sourcecode.swift; path = AuthInteractor.swift; sourceTree = "<group>"; };
		7465F9B22BDBC21300CF0AE5 /* AuthContainer.swift */ = {isa = PBXFileReference; lastKnownFileType = sourcecode.swift; path = AuthContainer.swift; sourceTree = "<group>"; };
		748204182BDBC637005E7BF2 /* FlowCoordinator.swift */ = {isa = PBXFileReference; lastKnownFileType = sourcecode.swift; path = FlowCoordinator.swift; sourceTree = "<group>"; };
		7482041A2BDBC643005E7BF2 /* FlowCoordinatorProtocol.swift */ = {isa = PBXFileReference; lastKnownFileType = sourcecode.swift; path = FlowCoordinatorProtocol.swift; sourceTree = "<group>"; };
		7482041C2BDBCB01005E7BF2 /* UIColor + HEX.swift */ = {isa = PBXFileReference; lastKnownFileType = sourcecode.swift; path = "UIColor + HEX.swift"; sourceTree = "<group>"; };
		9DB778CF2BDABDE7001C3B34 /* ITSFest.app */ = {isa = PBXFileReference; explicitFileType = wrapper.application; includeInIndex = 0; path = ITSFest.app; sourceTree = BUILT_PRODUCTS_DIR; };
		9DB778D22BDABDE7001C3B34 /* AppDelegate.swift */ = {isa = PBXFileReference; lastKnownFileType = sourcecode.swift; path = AppDelegate.swift; sourceTree = "<group>"; };
		9DB778D42BDABDE7001C3B34 /* SceneDelegate.swift */ = {isa = PBXFileReference; lastKnownFileType = sourcecode.swift; path = SceneDelegate.swift; sourceTree = "<group>"; };
		9DB778D62BDABDE7001C3B34 /* ViewController.swift */ = {isa = PBXFileReference; lastKnownFileType = sourcecode.swift; path = ViewController.swift; sourceTree = "<group>"; };
		9DB778DB2BDABDE9001C3B34 /* Assets.xcassets */ = {isa = PBXFileReference; lastKnownFileType = folder.assetcatalog; path = Assets.xcassets; sourceTree = "<group>"; };
		9DB778E02BDABDE9001C3B34 /* Info.plist */ = {isa = PBXFileReference; lastKnownFileType = text.plist.xml; path = Info.plist; sourceTree = "<group>"; };
		9DB778F22BDADCFA001C3B34 /* TabBarController.swift */ = {isa = PBXFileReference; lastKnownFileType = sourcecode.swift; path = TabBarController.swift; sourceTree = "<group>"; };
		9DB778F82BDAE0D6001C3B34 /* Launch Screen.storyboard */ = {isa = PBXFileReference; lastKnownFileType = file.storyboard; path = "Launch Screen.storyboard"; sourceTree = "<group>"; };
		9DB778FF2BDB151F001C3B34 /* HomeViewController.swift */ = {isa = PBXFileReference; lastKnownFileType = sourcecode.swift; path = HomeViewController.swift; sourceTree = "<group>"; };
		9DB779032BDB1549001C3B34 /* CreateViewController.swift */ = {isa = PBXFileReference; lastKnownFileType = sourcecode.swift; path = CreateViewController.swift; sourceTree = "<group>"; };
		9DB779052BDB1554001C3B34 /* NotificationViewController.swift */ = {isa = PBXFileReference; lastKnownFileType = sourcecode.swift; path = NotificationViewController.swift; sourceTree = "<group>"; };
		9DB779072BDB1576001C3B34 /* CalendarViewController.swift */ = {isa = PBXFileReference; lastKnownFileType = sourcecode.swift; path = CalendarViewController.swift; sourceTree = "<group>"; };
/* End PBXFileReference section */

/* Begin PBXFrameworksBuildPhase section */
		9DB778CC2BDABDE7001C3B34 /* Frameworks */ = {
			isa = PBXFrameworksBuildPhase;
			buildActionMask = 2147483647;
			files = (
				9D65C1412BDBABA000BFDFF8 /* SnapKit in Frameworks */,
				9D65C1432BDBABA000BFDFF8 /* SnapKit-Dynamic in Frameworks */,
			);
			runOnlyForDeploymentPostprocessing = 0;
		};
/* End PBXFrameworksBuildPhase section */

/* Begin PBXGroup section */
		7465F9702BDB9CB700CF0AE5 /* Base */ = {
			isa = PBXGroup;
			children = (
				7465F9712BDB9CDD00CF0AE5 /* Service.swift */,
				748204182BDBC637005E7BF2 /* FlowCoordinator.swift */,
				7482041A2BDBC643005E7BF2 /* FlowCoordinatorProtocol.swift */,
				7482041C2BDBCB01005E7BF2 /* UIColor + HEX.swift */,
			);
			path = Base;
			sourceTree = "<group>";
		};
		7465F9892BDBA34400CF0AE5 /* Feed */ = {
			isa = PBXGroup;
			children = (
				7465F9972BDBA36E00CF0AE5 /* FeedPresenter.swift */,
				7465F9982BDBA36E00CF0AE5 /* FeedRouter.swift */,
				7465F9992BDBA36E00CF0AE5 /* FeedViewController.swift */,
				7465F99A2BDBA36E00CF0AE5 /* FeedProtocols.swift */,
				7465F99B2BDBA36E00CF0AE5 /* FeedInteractor.swift */,
				7465F99C2BDBA36E00CF0AE5 /* FeedContainer.swift */,
			);
			path = Feed;
			sourceTree = "<group>";
		};
		7465F98A2BDBA34B00CF0AE5 /* Reply */ = {
			isa = PBXGroup;
			children = (
				7465F98B2BDBA35F00CF0AE5 /* ReplyPresenter.swift */,
				7465F98C2BDBA35F00CF0AE5 /* ReplyRouter.swift */,
				7465F98D2BDBA35F00CF0AE5 /* ReplyViewController.swift */,
				7465F98E2BDBA35F00CF0AE5 /* ReplyProtocols.swift */,
				7465F98F2BDBA35F00CF0AE5 /* ReplyInteractor.swift */,
				7465F9902BDBA35F00CF0AE5 /* ReplyContainer.swift */,
			);
			path = Reply;
			sourceTree = "<group>";
		};
		7482041E2BDBD5D6005E7BF2 /* Registration */ = {
			isa = PBXGroup;
			children = (
			);
			path = Registration;
			sourceTree = "<group>";
		};
		7482041F2BDBD5E7005E7BF2 /* Authorization */ = {
			isa = PBXGroup;
			children = (
				7465F9AD2BDBC21300CF0AE5 /* AuthPresenter.swift */,
				7465F9AE2BDBC21300CF0AE5 /* AuthRouter.swift */,
				7465F9AF2BDBC21300CF0AE5 /* AuthViewController.swift */,
				7465F9B02BDBC21300CF0AE5 /* AuthProtocols.swift */,
				7465F9B12BDBC21300CF0AE5 /* AuthInteractor.swift */,
				7465F9B22BDBC21300CF0AE5 /* AuthContainer.swift */,
			);
			path = Authorization;
			sourceTree = "<group>";
		};
		9D65C1302BDBA74500BFDFF8 /* Auth */ = {
			isa = PBXGroup;
			children = (
				7482041E2BDBD5D6005E7BF2 /* Registration */,
				7482041F2BDBD5E7005E7BF2 /* Authorization */,
			);
			path = Auth;
			sourceTree = "<group>";
		};
		9DB778C62BDABDE7001C3B34 = {
			isa = PBXGroup;
			children = (
				9DB778D12BDABDE7001C3B34 /* ITSFest */,
				9DB778D02BDABDE7001C3B34 /* Products */,
			);
			sourceTree = "<group>";
		};
		9DB778D02BDABDE7001C3B34 /* Products */ = {
			isa = PBXGroup;
			children = (
				9DB778CF2BDABDE7001C3B34 /* ITSFest.app */,
			);
			name = Products;
			sourceTree = "<group>";
		};
		9DB778D12BDABDE7001C3B34 /* ITSFest */ = {
			isa = PBXGroup;
			children = (
				9DB778F52BDADFF7001C3B34 /* Modules */,
				9DB778F42BDADF94001C3B34 /* Support */,
				9DB778E02BDABDE9001C3B34 /* Info.plist */,
			);
			path = ITSFest;
			sourceTree = "<group>";
		};
		9DB778F42BDADF94001C3B34 /* Support */ = {
			isa = PBXGroup;
			children = (
				9DB778D22BDABDE7001C3B34 /* AppDelegate.swift */,
				9DB778D42BDABDE7001C3B34 /* SceneDelegate.swift */,
				9DB778D62BDABDE7001C3B34 /* ViewController.swift */,
				9DB778DB2BDABDE9001C3B34 /* Assets.xcassets */,
				9DB778F82BDAE0D6001C3B34 /* Launch Screen.storyboard */,
			);
			path = Support;
			sourceTree = "<group>";
		};
		9DB778F52BDADFF7001C3B34 /* Modules */ = {
			isa = PBXGroup;
			children = (
				9DB778FA2BDB12AB001C3B34 /* Home */,
				9DB778FB2BDB12B5001C3B34 /* Chat */,
				9DB778FC2BDB12BA001C3B34 /* Create */,
				9DB778FD2BDB12C3001C3B34 /* Calendar */,
				9DB778FE2BDB12C7001C3B34 /* Notification */,
				9DB778F62BDADFFD001C3B34 /* TabBar */,
				9D65C1302BDBA74500BFDFF8 /* Auth */,
				7465F9702BDB9CB700CF0AE5 /* Base */,
			);
			path = Modules;
			sourceTree = "<group>";
		};
		9DB778F62BDADFFD001C3B34 /* TabBar */ = {
			isa = PBXGroup;
			children = (
				9DB778F22BDADCFA001C3B34 /* TabBarController.swift */,
			);
			path = TabBar;
			sourceTree = "<group>";
		};
		9DB778FA2BDB12AB001C3B34 /* Home */ = {
			isa = PBXGroup;
			children = (
				9DB778FF2BDB151F001C3B34 /* HomeViewController.swift */,
			);
			path = Home;
			sourceTree = "<group>";
		};
		9DB778FB2BDB12B5001C3B34 /* Chat */ = {
			isa = PBXGroup;
			children = (
				7465F98A2BDBA34B00CF0AE5 /* Reply */,
				7465F9892BDBA34400CF0AE5 /* Feed */,
			);
			path = Chat;
			sourceTree = "<group>";
		};
		9DB778FC2BDB12BA001C3B34 /* Create */ = {
			isa = PBXGroup;
			children = (
				9DB779032BDB1549001C3B34 /* CreateViewController.swift */,
			);
			path = Create;
			sourceTree = "<group>";
		};
		9DB778FD2BDB12C3001C3B34 /* Calendar */ = {
			isa = PBXGroup;
			children = (
				9DB779072BDB1576001C3B34 /* CalendarViewController.swift */,
			);
			path = Calendar;
			sourceTree = "<group>";
		};
		9DB778FE2BDB12C7001C3B34 /* Notification */ = {
			isa = PBXGroup;
			children = (
				9DB779052BDB1554001C3B34 /* NotificationViewController.swift */,
			);
			path = Notification;
			sourceTree = "<group>";
		};
/* End PBXGroup section */

/* Begin PBXNativeTarget section */
		9DB778CE2BDABDE7001C3B34 /* ITSFest */ = {
			isa = PBXNativeTarget;
			buildConfigurationList = 9DB778E32BDABDE9001C3B34 /* Build configuration list for PBXNativeTarget "ITSFest" */;
			buildPhases = (
				9DB778CB2BDABDE7001C3B34 /* Sources */,
				9DB778CC2BDABDE7001C3B34 /* Frameworks */,
				9DB778CD2BDABDE7001C3B34 /* Resources */,
			);
			buildRules = (
			);
			dependencies = (
			);
			name = ITSFest;
			packageProductDependencies = (
				9D65C1402BDBABA000BFDFF8 /* SnapKit */,
				9D65C1422BDBABA000BFDFF8 /* SnapKit-Dynamic */,
			);
			productName = ITSFest;
			productReference = 9DB778CF2BDABDE7001C3B34 /* ITSFest.app */;
			productType = "com.apple.product-type.application";
		};
/* End PBXNativeTarget section */

/* Begin PBXProject section */
		9DB778C72BDABDE7001C3B34 /* Project object */ = {
			isa = PBXProject;
			attributes = {
				BuildIndependentTargetsInParallel = 1;
				LastSwiftUpdateCheck = 1530;
				LastUpgradeCheck = 1530;
				TargetAttributes = {
					9DB778CE2BDABDE7001C3B34 = {
						CreatedOnToolsVersion = 15.3;
					};
				};
			};
			buildConfigurationList = 9DB778CA2BDABDE7001C3B34 /* Build configuration list for PBXProject "ITSFest" */;
			compatibilityVersion = "Xcode 14.0";
			developmentRegion = en;
			hasScannedForEncodings = 0;
			knownRegions = (
				en,
				Base,
			);
			mainGroup = 9DB778C62BDABDE7001C3B34;
			packageReferences = (
				9D65C13F2BDBABA000BFDFF8 /* XCRemoteSwiftPackageReference "SnapKit" */,
			);
			productRefGroup = 9DB778D02BDABDE7001C3B34 /* Products */;
			projectDirPath = "";
			projectRoot = "";
			targets = (
				9DB778CE2BDABDE7001C3B34 /* ITSFest */,
			);
		};
/* End PBXProject section */

/* Begin PBXResourcesBuildPhase section */
		9DB778CD2BDABDE7001C3B34 /* Resources */ = {
			isa = PBXResourcesBuildPhase;
			buildActionMask = 2147483647;
			files = (
				9DB778F92BDAE0D6001C3B34 /* Launch Screen.storyboard in Resources */,
				9DB778DC2BDABDE9001C3B34 /* Assets.xcassets in Resources */,
			);
			runOnlyForDeploymentPostprocessing = 0;
		};
/* End PBXResourcesBuildPhase section */

/* Begin PBXSourcesBuildPhase section */
		9DB778CB2BDABDE7001C3B34 /* Sources */ = {
			isa = PBXSourcesBuildPhase;
			buildActionMask = 2147483647;
			files = (
				7465F9A02BDBA36E00CF0AE5 /* FeedProtocols.swift in Sources */,
				9DB779002BDB151F001C3B34 /* HomeViewController.swift in Sources */,
				7465F9922BDBA35F00CF0AE5 /* ReplyRouter.swift in Sources */,
				9DB778D72BDABDE7001C3B34 /* ViewController.swift in Sources */,
				7465F9B52BDBC21300CF0AE5 /* AuthViewController.swift in Sources */,
				7482041D2BDBCB01005E7BF2 /* UIColor + HEX.swift in Sources */,
				9DB779062BDB1554001C3B34 /* NotificationViewController.swift in Sources */,
				7465F9912BDBA35F00CF0AE5 /* ReplyPresenter.swift in Sources */,
				7465F9A12BDBA36E00CF0AE5 /* FeedInteractor.swift in Sources */,
				748204192BDBC637005E7BF2 /* FlowCoordinator.swift in Sources */,
				7465F9B82BDBC21300CF0AE5 /* AuthContainer.swift in Sources */,
				7465F9B62BDBC21300CF0AE5 /* AuthProtocols.swift in Sources */,
				9DB779042BDB1549001C3B34 /* CreateViewController.swift in Sources */,
				7465F99E2BDBA36E00CF0AE5 /* FeedRouter.swift in Sources */,
				9DB778F32BDADCFA001C3B34 /* TabBarController.swift in Sources */,
				7465F9932BDBA35F00CF0AE5 /* ReplyViewController.swift in Sources */,
				7465F9A22BDBA36E00CF0AE5 /* FeedContainer.swift in Sources */,
				7465F9962BDBA35F00CF0AE5 /* ReplyContainer.swift in Sources */,
				7465F99F2BDBA36E00CF0AE5 /* FeedViewController.swift in Sources */,
				7465F9942BDBA35F00CF0AE5 /* ReplyProtocols.swift in Sources */,
				7465F99D2BDBA36E00CF0AE5 /* FeedPresenter.swift in Sources */,
				7482041B2BDBC643005E7BF2 /* FlowCoordinatorProtocol.swift in Sources */,
				7465F9B72BDBC21300CF0AE5 /* AuthInteractor.swift in Sources */,
				7465F9B32BDBC21300CF0AE5 /* AuthPresenter.swift in Sources */,
				7465F9B42BDBC21300CF0AE5 /* AuthRouter.swift in Sources */,
				7465F9952BDBA35F00CF0AE5 /* ReplyInteractor.swift in Sources */,
				9DB778D32BDABDE7001C3B34 /* AppDelegate.swift in Sources */,
				9DB779082BDB1576001C3B34 /* CalendarViewController.swift in Sources */,
				7465F9722BDB9CDD00CF0AE5 /* Service.swift in Sources */,
				9DB778D52BDABDE7001C3B34 /* SceneDelegate.swift in Sources */,
			);
			runOnlyForDeploymentPostprocessing = 0;
		};
/* End PBXSourcesBuildPhase section */

/* Begin XCBuildConfiguration section */
		9DB778E12BDABDE9001C3B34 /* Debug */ = {
			isa = XCBuildConfiguration;
			buildSettings = {
				ALWAYS_SEARCH_USER_PATHS = NO;
				ASSETCATALOG_COMPILER_GENERATE_SWIFT_ASSET_SYMBOL_EXTENSIONS = YES;
				CLANG_ANALYZER_NONNULL = YES;
				CLANG_ANALYZER_NUMBER_OBJECT_CONVERSION = YES_AGGRESSIVE;
				CLANG_CXX_LANGUAGE_STANDARD = "gnu++20";
				CLANG_ENABLE_MODULES = YES;
				CLANG_ENABLE_OBJC_ARC = YES;
				CLANG_ENABLE_OBJC_WEAK = YES;
				CLANG_WARN_BLOCK_CAPTURE_AUTORELEASING = YES;
				CLANG_WARN_BOOL_CONVERSION = YES;
				CLANG_WARN_COMMA = YES;
				CLANG_WARN_CONSTANT_CONVERSION = YES;
				CLANG_WARN_DEPRECATED_OBJC_IMPLEMENTATIONS = YES;
				CLANG_WARN_DIRECT_OBJC_ISA_USAGE = YES_ERROR;
				CLANG_WARN_DOCUMENTATION_COMMENTS = YES;
				CLANG_WARN_EMPTY_BODY = YES;
				CLANG_WARN_ENUM_CONVERSION = YES;
				CLANG_WARN_INFINITE_RECURSION = YES;
				CLANG_WARN_INT_CONVERSION = YES;
				CLANG_WARN_NON_LITERAL_NULL_CONVERSION = YES;
				CLANG_WARN_OBJC_IMPLICIT_RETAIN_SELF = YES;
				CLANG_WARN_OBJC_LITERAL_CONVERSION = YES;
				CLANG_WARN_OBJC_ROOT_CLASS = YES_ERROR;
				CLANG_WARN_QUOTED_INCLUDE_IN_FRAMEWORK_HEADER = YES;
				CLANG_WARN_RANGE_LOOP_ANALYSIS = YES;
				CLANG_WARN_STRICT_PROTOTYPES = YES;
				CLANG_WARN_SUSPICIOUS_MOVE = YES;
				CLANG_WARN_UNGUARDED_AVAILABILITY = YES_AGGRESSIVE;
				CLANG_WARN_UNREACHABLE_CODE = YES;
				CLANG_WARN__DUPLICATE_METHOD_MATCH = YES;
				COPY_PHASE_STRIP = NO;
				DEBUG_INFORMATION_FORMAT = dwarf;
				ENABLE_STRICT_OBJC_MSGSEND = YES;
				ENABLE_TESTABILITY = YES;
				ENABLE_USER_SCRIPT_SANDBOXING = YES;
				GCC_C_LANGUAGE_STANDARD = gnu17;
				GCC_DYNAMIC_NO_PIC = NO;
				GCC_NO_COMMON_BLOCKS = YES;
				GCC_OPTIMIZATION_LEVEL = 0;
				GCC_PREPROCESSOR_DEFINITIONS = (
					"DEBUG=1",
					"$(inherited)",
				);
				GCC_WARN_64_TO_32_BIT_CONVERSION = YES;
				GCC_WARN_ABOUT_RETURN_TYPE = YES_ERROR;
				GCC_WARN_UNDECLARED_SELECTOR = YES;
				GCC_WARN_UNINITIALIZED_AUTOS = YES_AGGRESSIVE;
				GCC_WARN_UNUSED_FUNCTION = YES;
				GCC_WARN_UNUSED_VARIABLE = YES;
				IPHONEOS_DEPLOYMENT_TARGET = 17.4;
				LOCALIZATION_PREFERS_STRING_CATALOGS = YES;
				MTL_ENABLE_DEBUG_INFO = INCLUDE_SOURCE;
				MTL_FAST_MATH = YES;
				ONLY_ACTIVE_ARCH = YES;
				SDKROOT = iphoneos;
				SWIFT_ACTIVE_COMPILATION_CONDITIONS = "DEBUG $(inherited)";
				SWIFT_OPTIMIZATION_LEVEL = "-Onone";
			};
			name = Debug;
		};
		9DB778E22BDABDE9001C3B34 /* Release */ = {
			isa = XCBuildConfiguration;
			buildSettings = {
				ALWAYS_SEARCH_USER_PATHS = NO;
				ASSETCATALOG_COMPILER_GENERATE_SWIFT_ASSET_SYMBOL_EXTENSIONS = YES;
				CLANG_ANALYZER_NONNULL = YES;
				CLANG_ANALYZER_NUMBER_OBJECT_CONVERSION = YES_AGGRESSIVE;
				CLANG_CXX_LANGUAGE_STANDARD = "gnu++20";
				CLANG_ENABLE_MODULES = YES;
				CLANG_ENABLE_OBJC_ARC = YES;
				CLANG_ENABLE_OBJC_WEAK = YES;
				CLANG_WARN_BLOCK_CAPTURE_AUTORELEASING = YES;
				CLANG_WARN_BOOL_CONVERSION = YES;
				CLANG_WARN_COMMA = YES;
				CLANG_WARN_CONSTANT_CONVERSION = YES;
				CLANG_WARN_DEPRECATED_OBJC_IMPLEMENTATIONS = YES;
				CLANG_WARN_DIRECT_OBJC_ISA_USAGE = YES_ERROR;
				CLANG_WARN_DOCUMENTATION_COMMENTS = YES;
				CLANG_WARN_EMPTY_BODY = YES;
				CLANG_WARN_ENUM_CONVERSION = YES;
				CLANG_WARN_INFINITE_RECURSION = YES;
				CLANG_WARN_INT_CONVERSION = YES;
				CLANG_WARN_NON_LITERAL_NULL_CONVERSION = YES;
				CLANG_WARN_OBJC_IMPLICIT_RETAIN_SELF = YES;
				CLANG_WARN_OBJC_LITERAL_CONVERSION = YES;
				CLANG_WARN_OBJC_ROOT_CLASS = YES_ERROR;
				CLANG_WARN_QUOTED_INCLUDE_IN_FRAMEWORK_HEADER = YES;
				CLANG_WARN_RANGE_LOOP_ANALYSIS = YES;
				CLANG_WARN_STRICT_PROTOTYPES = YES;
				CLANG_WARN_SUSPICIOUS_MOVE = YES;
				CLANG_WARN_UNGUARDED_AVAILABILITY = YES_AGGRESSIVE;
				CLANG_WARN_UNREACHABLE_CODE = YES;
				CLANG_WARN__DUPLICATE_METHOD_MATCH = YES;
				COPY_PHASE_STRIP = NO;
				DEBUG_INFORMATION_FORMAT = "dwarf-with-dsym";
				ENABLE_NS_ASSERTIONS = NO;
				ENABLE_STRICT_OBJC_MSGSEND = YES;
				ENABLE_USER_SCRIPT_SANDBOXING = YES;
				GCC_C_LANGUAGE_STANDARD = gnu17;
				GCC_NO_COMMON_BLOCKS = YES;
				GCC_WARN_64_TO_32_BIT_CONVERSION = YES;
				GCC_WARN_ABOUT_RETURN_TYPE = YES_ERROR;
				GCC_WARN_UNDECLARED_SELECTOR = YES;
				GCC_WARN_UNINITIALIZED_AUTOS = YES_AGGRESSIVE;
				GCC_WARN_UNUSED_FUNCTION = YES;
				GCC_WARN_UNUSED_VARIABLE = YES;
				IPHONEOS_DEPLOYMENT_TARGET = 17.4;
				LOCALIZATION_PREFERS_STRING_CATALOGS = YES;
				MTL_ENABLE_DEBUG_INFO = NO;
				MTL_FAST_MATH = YES;
				SDKROOT = iphoneos;
				SWIFT_COMPILATION_MODE = wholemodule;
				VALIDATE_PRODUCT = YES;
			};
			name = Release;
		};
		9DB778E42BDABDE9001C3B34 /* Debug */ = {
			isa = XCBuildConfiguration;
			buildSettings = {
				ASSETCATALOG_COMPILER_APPICON_NAME = AppIcon;
				ASSETCATALOG_COMPILER_GLOBAL_ACCENT_COLOR_NAME = AccentColor;
				CODE_SIGN_STYLE = Automatic;
				CURRENT_PROJECT_VERSION = 1;
				DEVELOPMENT_TEAM = LW5X22QCW4;
				GENERATE_INFOPLIST_FILE = YES;
				INFOPLIST_FILE = ITSFest/Info.plist;
				INFOPLIST_KEY_CFBundleDisplayName = todoApp;
				INFOPLIST_KEY_LSApplicationCategoryType = "public.app-category.productivity";
				INFOPLIST_KEY_UIApplicationSupportsIndirectInputEvents = YES;
				INFOPLIST_KEY_UILaunchStoryboardName = "Launch Screen";
				INFOPLIST_KEY_UISupportedInterfaceOrientations = UIInterfaceOrientationPortrait;
				INFOPLIST_KEY_UISupportedInterfaceOrientations_iPad = "UIInterfaceOrientationLandscapeLeft UIInterfaceOrientationLandscapeRight UIInterfaceOrientationPortrait UIInterfaceOrientationPortraitUpsideDown";
				IPHONEOS_DEPLOYMENT_TARGET = 17.0;
				LD_RUNPATH_SEARCH_PATHS = (
					"$(inherited)",
					"@executable_path/Frameworks",
				);
				MARKETING_VERSION = 1.0;
				PRODUCT_BUNDLE_IDENTIFIER = Alexander.ITSFest;
				PRODUCT_NAME = "$(TARGET_NAME)";
				SUPPORTED_PLATFORMS = "iphoneos iphonesimulator";
				SUPPORTS_MACCATALYST = NO;
				SUPPORTS_MAC_DESIGNED_FOR_IPHONE_IPAD = NO;
				SUPPORTS_XR_DESIGNED_FOR_IPHONE_IPAD = NO;
				SWIFT_EMIT_LOC_STRINGS = YES;
				SWIFT_VERSION = 5.0;
				TARGETED_DEVICE_FAMILY = 1;
			};
			name = Debug;
		};
		9DB778E52BDABDE9001C3B34 /* Release */ = {
			isa = XCBuildConfiguration;
			buildSettings = {
				ASSETCATALOG_COMPILER_APPICON_NAME = AppIcon;
				ASSETCATALOG_COMPILER_GLOBAL_ACCENT_COLOR_NAME = AccentColor;
				CODE_SIGN_STYLE = Automatic;
				CURRENT_PROJECT_VERSION = 1;
				DEVELOPMENT_TEAM = LW5X22QCW4;
				GENERATE_INFOPLIST_FILE = YES;
				INFOPLIST_FILE = ITSFest/Info.plist;
				INFOPLIST_KEY_CFBundleDisplayName = todoApp;
				INFOPLIST_KEY_LSApplicationCategoryType = "public.app-category.productivity";
				INFOPLIST_KEY_UIApplicationSupportsIndirectInputEvents = YES;
				INFOPLIST_KEY_UILaunchStoryboardName = "Launch Screen";
				INFOPLIST_KEY_UISupportedInterfaceOrientations = UIInterfaceOrientationPortrait;
				INFOPLIST_KEY_UISupportedInterfaceOrientations_iPad = "UIInterfaceOrientationLandscapeLeft UIInterfaceOrientationLandscapeRight UIInterfaceOrientationPortrait UIInterfaceOrientationPortraitUpsideDown";
				IPHONEOS_DEPLOYMENT_TARGET = 17.0;
				LD_RUNPATH_SEARCH_PATHS = (
					"$(inherited)",
					"@executable_path/Frameworks",
				);
				MARKETING_VERSION = 1.0;
				PRODUCT_BUNDLE_IDENTIFIER = Alexander.ITSFest;
				PRODUCT_NAME = "$(TARGET_NAME)";
				SUPPORTED_PLATFORMS = "iphoneos iphonesimulator";
				SUPPORTS_MACCATALYST = NO;
				SUPPORTS_MAC_DESIGNED_FOR_IPHONE_IPAD = NO;
				SUPPORTS_XR_DESIGNED_FOR_IPHONE_IPAD = NO;
				SWIFT_EMIT_LOC_STRINGS = YES;
				SWIFT_VERSION = 5.0;
				TARGETED_DEVICE_FAMILY = 1;
			};
			name = Release;
		};
/* End XCBuildConfiguration section */

/* Begin XCConfigurationList section */
		9DB778CA2BDABDE7001C3B34 /* Build configuration list for PBXProject "ITSFest" */ = {
			isa = XCConfigurationList;
			buildConfigurations = (
				9DB778E12BDABDE9001C3B34 /* Debug */,
				9DB778E22BDABDE9001C3B34 /* Release */,
			);
			defaultConfigurationIsVisible = 0;
			defaultConfigurationName = Release;
		};
		9DB778E32BDABDE9001C3B34 /* Build configuration list for PBXNativeTarget "ITSFest" */ = {
			isa = XCConfigurationList;
			buildConfigurations = (
				9DB778E42BDABDE9001C3B34 /* Debug */,
				9DB778E52BDABDE9001C3B34 /* Release */,
			);
			defaultConfigurationIsVisible = 0;
			defaultConfigurationName = Release;
		};
/* End XCConfigurationList section */

/* Begin XCRemoteSwiftPackageReference section */
		9D65C13F2BDBABA000BFDFF8 /* XCRemoteSwiftPackageReference "SnapKit" */ = {
			isa = XCRemoteSwiftPackageReference;
			repositoryURL = "https://github.com/SnapKit/SnapKit.git";
			requirement = {
				kind = upToNextMajorVersion;
				minimumVersion = 5.7.1;
			};
		};
/* End XCRemoteSwiftPackageReference section */

/* Begin XCSwiftPackageProductDependency section */
		9D65C1402BDBABA000BFDFF8 /* SnapKit */ = {
			isa = XCSwiftPackageProductDependency;
			package = 9D65C13F2BDBABA000BFDFF8 /* XCRemoteSwiftPackageReference "SnapKit" */;
			productName = SnapKit;
		};
		9D65C1422BDBABA000BFDFF8 /* SnapKit-Dynamic */ = {
			isa = XCSwiftPackageProductDependency;
			package = 9D65C13F2BDBABA000BFDFF8 /* XCRemoteSwiftPackageReference "SnapKit" */;
			productName = "SnapKit-Dynamic";
		};
/* End XCSwiftPackageProductDependency section */
	};
	rootObject = 9DB778C72BDABDE7001C3B34 /* Project object */;
}
